# THIS IS AN AUTOGENERATED FILE. DO NOT EDIT THIS FILE DIRECTLY.
# yarn lockfile v1


"@calcit/procs@^0.8.0-a5":
  version "0.8.0-a5"
  resolved "https://registry.yarnpkg.com/@calcit/procs/-/procs-0.8.0-a5.tgz#1bf7e8d535cdc29ca02d2b3ce221d60408735a86"
  integrity sha512-6t7e5n2z1bvF6nUYPdet1nJaAFAiIz2YDNXCdBWQl17eVEi5RVhkWf0FWN7jojzevj7milVT7qjfVNjy6uc7Wg==
  dependencies:
    "@calcit/ternary-tree" "0.0.23"
    "@cirru/parser.ts" "^0.0.6"
    "@cirru/writer.ts" "^0.1.4"

"@calcit/ternary-tree@0.0.23":
  version "0.0.23"
  resolved "https://registry.yarnpkg.com/@calcit/ternary-tree/-/ternary-tree-0.0.23.tgz#a299f7ffd614ac2dfe2cbcf78506934df4008c77"
  integrity sha512-GKHfokm1YBUvPprV9p227fDpE+w4lVl4YKQpfKoNEqvprJnC4HRXaa+QSLwZkvZlXr09hAA0x4l4ZKUIcbYydg==

"@cirru/parser.ts@^0.0.6":
  version "0.0.6"
  resolved "https://registry.yarnpkg.com/@cirru/parser.ts/-/parser.ts-0.0.6.tgz#b95a84e02273fcbd71ff100925782b6f86410234"
  integrity sha512-qpDNPq+IuuwYjQFI+wzpd3ntbF7lwJs90v1XWyLQbL9Ru4ld4aHxVGwW/9F/QOu5mEGCMXtagCoYDf0HtOpDZg==

"@cirru/writer.ts@^0.1.4":
  version "0.1.4"
  resolved "https://registry.yarnpkg.com/@cirru/writer.ts/-/writer.ts-0.1.4.tgz#4b5851d002ab7c4891457bf8c707f09620c8f122"
  integrity sha512-Uy3Y7jjLdaxLW9ajZuIS9rp+dhaSVU95hRRwvnP6E16PwgPl+zGs6Xqn1L7Lqw07ypujrdBBdFQyRJOLc6IHQQ==

"@esbuild/android-arm64@0.18.20":
  version "0.18.20"
  resolved "https://registry.yarnpkg.com/@esbuild/android-arm64/-/android-arm64-0.18.20.tgz#984b4f9c8d0377443cc2dfcef266d02244593622"
  integrity sha512-Nz4rJcchGDtENV0eMKUNa6L12zz2zBDXuhj/Vjh18zGqB44Bi7MBMSXjgunJgjRhCmKOjnPuZp4Mb6OKqtMHLQ==

"@esbuild/android-arm@0.18.20":
  version "0.18.20"
  resolved "https://registry.yarnpkg.com/@esbuild/android-arm/-/android-arm-0.18.20.tgz#fedb265bc3a589c84cc11f810804f234947c3682"
  integrity sha512-fyi7TDI/ijKKNZTUJAQqiG5T7YjJXgnzkURqmGj13C6dCqckZBLdl4h7bkhHt/t0WP+zO9/zwroDvANaOqO5Sw==

"@esbuild/android-x64@0.18.20":
  version "0.18.20"
  resolved "https://registry.yarnpkg.com/@esbuild/android-x64/-/android-x64-0.18.20.tgz#35cf419c4cfc8babe8893d296cd990e9e9f756f2"
  integrity sha512-8GDdlePJA8D6zlZYJV/jnrRAi6rOiNaCC/JclcXpB+KIuvfBN4owLtgzY2bsxnx666XjJx2kDPUmnTtR8qKQUg==

"@esbuild/darwin-arm64@0.18.20":
  version "0.18.20"
  resolved "https://registry.yarnpkg.com/@esbuild/darwin-arm64/-/darwin-arm64-0.18.20.tgz#08172cbeccf95fbc383399a7f39cfbddaeb0d7c1"
  integrity sha512-bxRHW5kHU38zS2lPTPOyuyTm+S+eobPUnTNkdJEfAddYgEcll4xkT8DB9d2008DtTbl7uJag2HuE5NZAZgnNEA==

"@esbuild/darwin-x64@0.18.20":
  version "0.18.20"
  resolved "https://registry.yarnpkg.com/@esbuild/darwin-x64/-/darwin-x64-0.18.20.tgz#d70d5790d8bf475556b67d0f8b7c5bdff053d85d"
  integrity sha512-pc5gxlMDxzm513qPGbCbDukOdsGtKhfxD1zJKXjCCcU7ju50O7MeAZ8c4krSJcOIJGFR+qx21yMMVYwiQvyTyQ==

"@esbuild/freebsd-arm64@0.18.20":
  version "0.18.20"
  resolved "https://registry.yarnpkg.com/@esbuild/freebsd-arm64/-/freebsd-arm64-0.18.20.tgz#98755cd12707f93f210e2494d6a4b51b96977f54"
  integrity sha512-yqDQHy4QHevpMAaxhhIwYPMv1NECwOvIpGCZkECn8w2WFHXjEwrBn3CeNIYsibZ/iZEUemj++M26W3cNR5h+Tw==

"@esbuild/freebsd-x64@0.18.20":
  version "0.18.20"
  resolved "https://registry.yarnpkg.com/@esbuild/freebsd-x64/-/freebsd-x64-0.18.20.tgz#c1eb2bff03915f87c29cece4c1a7fa1f423b066e"
  integrity sha512-tgWRPPuQsd3RmBZwarGVHZQvtzfEBOreNuxEMKFcd5DaDn2PbBxfwLcj4+aenoh7ctXcbXmOQIn8HI6mCSw5MQ==

"@esbuild/linux-arm64@0.18.20":
  version "0.18.20"
  resolved "https://registry.yarnpkg.com/@esbuild/linux-arm64/-/linux-arm64-0.18.20.tgz#bad4238bd8f4fc25b5a021280c770ab5fc3a02a0"
  integrity sha512-2YbscF+UL7SQAVIpnWvYwM+3LskyDmPhe31pE7/aoTMFKKzIc9lLbyGUpmmb8a8AixOL61sQ/mFh3jEjHYFvdA==

"@esbuild/linux-arm@0.18.20":
  version "0.18.20"
  resolved "https://registry.yarnpkg.com/@esbuild/linux-arm/-/linux-arm-0.18.20.tgz#3e617c61f33508a27150ee417543c8ab5acc73b0"
  integrity sha512-/5bHkMWnq1EgKr1V+Ybz3s1hWXok7mDFUMQ4cG10AfW3wL02PSZi5kFpYKrptDsgb2WAJIvRcDm+qIvXf/apvg==

"@esbuild/linux-ia32@0.18.20":
  version "0.18.20"
  resolved "https://registry.yarnpkg.com/@esbuild/linux-ia32/-/linux-ia32-0.18.20.tgz#699391cccba9aee6019b7f9892eb99219f1570a7"
  integrity sha512-P4etWwq6IsReT0E1KHU40bOnzMHoH73aXp96Fs8TIT6z9Hu8G6+0SHSw9i2isWrD2nbx2qo5yUqACgdfVGx7TA==

"@esbuild/linux-loong64@0.18.20":
  version "0.18.20"
  resolved "https://registry.yarnpkg.com/@esbuild/linux-loong64/-/linux-loong64-0.18.20.tgz#e6fccb7aac178dd2ffb9860465ac89d7f23b977d"
  integrity sha512-nXW8nqBTrOpDLPgPY9uV+/1DjxoQ7DoB2N8eocyq8I9XuqJ7BiAMDMf9n1xZM9TgW0J8zrquIb/A7s3BJv7rjg==

"@esbuild/linux-mips64el@0.18.20":
  version "0.18.20"
  resolved "https://registry.yarnpkg.com/@esbuild/linux-mips64el/-/linux-mips64el-0.18.20.tgz#eeff3a937de9c2310de30622a957ad1bd9183231"
  integrity sha512-d5NeaXZcHp8PzYy5VnXV3VSd2D328Zb+9dEq5HE6bw6+N86JVPExrA6O68OPwobntbNJ0pzCpUFZTo3w0GyetQ==

"@esbuild/linux-ppc64@0.18.20":
  version "0.18.20"
  resolved "https://registry.yarnpkg.com/@esbuild/linux-ppc64/-/linux-ppc64-0.18.20.tgz#2f7156bde20b01527993e6881435ad79ba9599fb"
  integrity sha512-WHPyeScRNcmANnLQkq6AfyXRFr5D6N2sKgkFo2FqguP44Nw2eyDlbTdZwd9GYk98DZG9QItIiTlFLHJHjxP3FA==

"@esbuild/linux-riscv64@0.18.20":
  version "0.18.20"
  resolved "https://registry.yarnpkg.com/@esbuild/linux-riscv64/-/linux-riscv64-0.18.20.tgz#6628389f210123d8b4743045af8caa7d4ddfc7a6"
  integrity sha512-WSxo6h5ecI5XH34KC7w5veNnKkju3zBRLEQNY7mv5mtBmrP/MjNBCAlsM2u5hDBlS3NGcTQpoBvRzqBcRtpq1A==

"@esbuild/linux-s390x@0.18.20":
  version "0.18.20"
  resolved "https://registry.yarnpkg.com/@esbuild/linux-s390x/-/linux-s390x-0.18.20.tgz#255e81fb289b101026131858ab99fba63dcf0071"
  integrity sha512-+8231GMs3mAEth6Ja1iK0a1sQ3ohfcpzpRLH8uuc5/KVDFneH6jtAJLFGafpzpMRO6DzJ6AvXKze9LfFMrIHVQ==

"@esbuild/linux-x64@0.18.20":
  version "0.18.20"
  resolved "https://registry.yarnpkg.com/@esbuild/linux-x64/-/linux-x64-0.18.20.tgz#c7690b3417af318a9b6f96df3031a8865176d338"
  integrity sha512-UYqiqemphJcNsFEskc73jQ7B9jgwjWrSayxawS6UVFZGWrAAtkzjxSqnoclCXxWtfwLdzU+vTpcNYhpn43uP1w==

"@esbuild/netbsd-x64@0.18.20":
  version "0.18.20"
  resolved "https://registry.yarnpkg.com/@esbuild/netbsd-x64/-/netbsd-x64-0.18.20.tgz#30e8cd8a3dded63975e2df2438ca109601ebe0d1"
  integrity sha512-iO1c++VP6xUBUmltHZoMtCUdPlnPGdBom6IrO4gyKPFFVBKioIImVooR5I83nTew5UOYrk3gIJhbZh8X44y06A==

"@esbuild/openbsd-x64@0.18.20":
  version "0.18.20"
  resolved "https://registry.yarnpkg.com/@esbuild/openbsd-x64/-/openbsd-x64-0.18.20.tgz#7812af31b205055874c8082ea9cf9ab0da6217ae"
  integrity sha512-e5e4YSsuQfX4cxcygw/UCPIEP6wbIL+se3sxPdCiMbFLBWu0eiZOJ7WoD+ptCLrmjZBK1Wk7I6D/I3NglUGOxg==

"@esbuild/sunos-x64@0.18.20":
  version "0.18.20"
  resolved "https://registry.yarnpkg.com/@esbuild/sunos-x64/-/sunos-x64-0.18.20.tgz#d5c275c3b4e73c9b0ecd38d1ca62c020f887ab9d"
  integrity sha512-kDbFRFp0YpTQVVrqUd5FTYmWo45zGaXe0X8E1G/LKFC0v8x0vWrhOWSLITcCn63lmZIxfOMXtCfti/RxN/0wnQ==

"@esbuild/win32-arm64@0.18.20":
  version "0.18.20"
  resolved "https://registry.yarnpkg.com/@esbuild/win32-arm64/-/win32-arm64-0.18.20.tgz#73bc7f5a9f8a77805f357fab97f290d0e4820ac9"
  integrity sha512-ddYFR6ItYgoaq4v4JmQQaAI5s7npztfV4Ag6NrhiaW0RrnOXqBkgwZLofVTlq1daVTQNhtI5oieTvkRPfZrePg==

"@esbuild/win32-ia32@0.18.20":
  version "0.18.20"
  resolved "https://registry.yarnpkg.com/@esbuild/win32-ia32/-/win32-ia32-0.18.20.tgz#ec93cbf0ef1085cc12e71e0d661d20569ff42102"
  integrity sha512-Wv7QBi3ID/rROT08SABTS7eV4hX26sVduqDOTe1MvGMjNd3EjOz4b7zeexIR62GTIEKrfJXKL9LFxTYgkyeu7g==

"@esbuild/win32-x64@0.18.20":
  version "0.18.20"
  resolved "https://registry.yarnpkg.com/@esbuild/win32-x64/-/win32-x64-0.18.20.tgz#786c5f41f043b07afb1af37683d7c33668858f6d"
  integrity sha512-kTdfRcSiDfQca/y9QIkng02avJ+NCaQvrMejlsB3RRv5sE9rRoeBPISaZpKxHELzRxZyLvNts1P27W3wV+8geQ==

"@pixi/accessibility@7.2.4":
  version "7.2.4"
  resolved "https://registry.yarnpkg.com/@pixi/accessibility/-/accessibility-7.2.4.tgz#3198d0059c230c668b1179457346a3b5dcba6e64"
  integrity sha512-EVjuqUqv9FeYFXCv0S0qj1hgCtbAMNBPCbOGEtiMogpM++/IySxBZvcOYg3rRgo9inwt2s4Bi7kUiqMPD8hItw==

"@pixi/app@7.2.4":
  version "7.2.4"
  resolved "https://registry.yarnpkg.com/@pixi/app/-/app-7.2.4.tgz#ae16fdc9fce04224fb36311168d902a2e7d0e65a"
  integrity sha512-eJ2jpu5P28ip07nLItw6sETXn45P4KR/leMJ6zPHRlhT1m8t5zTsWr3jK4Uj8LF2E+6KlPNzLQh5Alf/unn/aQ==

"@pixi/assets@7.2.4":
  version "7.2.4"
  resolved "https://registry.yarnpkg.com/@pixi/assets/-/assets-7.2.4.tgz#944f4a15acc888071c0811d3d68524afb0ed069c"
  integrity sha512-7199re3wvMAlVqXLaCyAr8IkJSXqkeVAxcYyB2rBu4Id5m2hhlGX1dQsdMBiCXLwu6/LLVqDvJggSNVQBzL6ZQ==
  dependencies:
    "@types/css-font-loading-module" "^0.0.7"

"@pixi/color@7.2.4":
  version "7.2.4"
  resolved "https://registry.yarnpkg.com/@pixi/color/-/color-7.2.4.tgz#6d6d5dbc01ae2a4f1c8eb48e98fff89ac0c3e40d"
  integrity sha512-B/+9JRcXe2uE8wQfsueFRPZVayF2VEMRB7XGeRAsWCryOX19nmWhv0Nt3nOU2rvzI0niz9XgugJXsB6vVmDFSg==
  dependencies:
    colord "^2.9.3"

"@pixi/compressed-textures@7.2.4":
  version "7.2.4"
  resolved "https://registry.yarnpkg.com/@pixi/compressed-textures/-/compressed-textures-7.2.4.tgz#bbf84689a9f4f41d5a8e9476ea6520a4c19412ac"
  integrity sha512-atnWyw/ot/Wg69qhgskKiuTYCZx15IxV35sa0KyXMthyjyvDLCIvOn0nczM6wCBy9H96SjJbfgynVWhVrip6qw==

"@pixi/constants@7.2.4":
  version "7.2.4"
  resolved "https://registry.yarnpkg.com/@pixi/constants/-/constants-7.2.4.tgz#45c23b247309e78d4105f04063ad8b453dae8b2f"
  integrity sha512-hKuHBWR6N4Q0Sf5MGF3/9l+POg/G5rqhueHfzofiuelnKg7aBs3BVjjZ+6hZbd6M++vOUmxYelEX/NEFBxrheA==

"@pixi/core@7.2.4":
  version "7.2.4"
  resolved "https://registry.yarnpkg.com/@pixi/core/-/core-7.2.4.tgz#9f93a0744c795b17045127c2630f976580f03008"
  integrity sha512-0XtvrfxHlS2T+beBBSpo7GI8+QLyyTqMVQpNmPqB4woYxzrOEJ9JaUFBaBfCvycLeUkfVih1u6HAbtF+2d1EjQ==
  dependencies:
    "@pixi/color" "7.2.4"
    "@pixi/constants" "7.2.4"
    "@pixi/extensions" "7.2.4"
    "@pixi/math" "7.2.4"
    "@pixi/runner" "7.2.4"
    "@pixi/settings" "7.2.4"
    "@pixi/ticker" "7.2.4"
    "@pixi/utils" "7.2.4"
    "@types/offscreencanvas" "^2019.6.4"

"@pixi/display@7.2.4":
  version "7.2.4"
  resolved "https://registry.yarnpkg.com/@pixi/display/-/display-7.2.4.tgz#cbf46ba0c0c0d30064b9ce67190a0a6a3624c62f"
  integrity sha512-w5tqb8cWEO5qIDaO9GEqRvxYhL0iMk0Wsngw23bbLm1gLEQmrFkB2tpJlRAqd7H82C3DrDDeWvkrrxW6+m4apg==

"@pixi/events@7.2.4":
  version "7.2.4"
  resolved "https://registry.yarnpkg.com/@pixi/events/-/events-7.2.4.tgz#06434c9e84838b87d7626151ec556a66796ac206"
  integrity sha512-/JtmoB98fzIU8giN9xvlRvmvOi6u4MaD2DnKNOMHkQ1MBraj3pmrXM9fZ0JbNzi+324GraAAY76QidgHjIYoYQ==

"@pixi/extensions@7.2.4":
  version "7.2.4"
  resolved "https://registry.yarnpkg.com/@pixi/extensions/-/extensions-7.2.4.tgz#ab2940abce3935706e956d1bcf2dbf44aca440db"
  integrity sha512-Mnqv9scbL1ARD3QFKfOWs2aSVJJfP1dL8g5UiqGImYO3rZbz/9QCzXOeMVIZ5n3iaRyKMNhFFr84/zUja2H7Dw==

"@pixi/extract@7.2.4":
  version "7.2.4"
  resolved "https://registry.yarnpkg.com/@pixi/extract/-/extract-7.2.4.tgz#2db62611a3135ee8232affdb7b26cab37cb2a0a3"
  integrity sha512-wlXZg+J2L/1jQhRi5nZQP/cXshovhjksjss91eAKMvY5aGxNAQovCP4xotJ/XJjfTvPMpeRzHPFYzm3PrOPQ7g==

"@pixi/filter-alpha@7.2.4":
  version "7.2.4"
  resolved "https://registry.yarnpkg.com/@pixi/filter-alpha/-/filter-alpha-7.2.4.tgz#f33621fa4bdc95de09457780aa33eb253fe6447f"
  integrity sha512-UTUMSGyktUr+I9vmigqJo9iUhb0nwGyqTTME2xBWZvVGCnl5z+/wHxvIBBCe5pNZ66IM15pGXQ4cDcfqCuP2kA==

"@pixi/filter-blur@7.2.4":
  version "7.2.4"
  resolved "https://registry.yarnpkg.com/@pixi/filter-blur/-/filter-blur-7.2.4.tgz#834447f9d6edec7d27414c9961b9e6009acd678a"
  integrity sha512-aLyXIoxy14bTansCPtbY8x7Sdn2OrrqkF/pcKiRXHJGGhi7wPacvB/NcmYJdnI/n2ExQ6V5Njuj/nfrsejVwcA==

"@pixi/filter-color-matrix@7.2.4":
  version "7.2.4"
  resolved "https://registry.yarnpkg.com/@pixi/filter-color-matrix/-/filter-color-matrix-7.2.4.tgz#4c9e6e174b27635ce5e92f34d372366b901e250f"
  integrity sha512-DFtayybYXoUh73eHUFRK5REbi1t3FZuVUnaQTj+euHKF9L7EaYc3Q9wctpx1WPRcwkqEX50M4SNFhxpA7Pxtaw==

"@pixi/filter-displacement@7.2.4":
  version "7.2.4"
  resolved "https://registry.yarnpkg.com/@pixi/filter-displacement/-/filter-displacement-7.2.4.tgz#39da0592966079d7e194be46494b8055b5eebda2"
  integrity sha512-Simq3IBJKt7+Gvk4kK7OFkfoeYUMhNhIyATCdeT+Jkdkq5WV7pYnH5hqO0YW7eAHrgjV13yn6t4H/GC4+6LhEA==

"@pixi/filter-fxaa@7.2.4":
  version "7.2.4"
  resolved "https://registry.yarnpkg.com/@pixi/filter-fxaa/-/filter-fxaa-7.2.4.tgz#78fac5466ca1a249f343be1af90c79bae399bf92"
  integrity sha512-qzKjdL+Ih18uGTJLg8tT/H+YCsTeGkw2uF7lyKnw/lxGLJQhLWIhM95M9qSNgxbXyW1vp7SbG81a9aAEz2HAhA==

"@pixi/filter-noise@7.2.4":
  version "7.2.4"
  resolved "https://registry.yarnpkg.com/@pixi/filter-noise/-/filter-noise-7.2.4.tgz#0586a00381ec0e63f6c00d49cd58b781eaf07f37"
  integrity sha512-QAU9Ybj2ZQrWM9ZEjTTC0iLnQcuyNoZNRinxSbg1G0yacpmsSb9wvV5ltIZ66+hfY+90+u2Nudt/v9g6pvOdGg==

"@pixi/graphics@7.2.4":
  version "7.2.4"
  resolved "https://registry.yarnpkg.com/@pixi/graphics/-/graphics-7.2.4.tgz#8500b604c36184736926393cb0ca9b9de9afef86"
  integrity sha512-3A2EumTjWJgXlDLOyuBrl9b6v1Za/E+/IjOGUIX843HH4NYaf1a2sfDfljx6r3oiDvy+VhuBFmgynRcV5IyA0Q==

"@pixi/math@7.2.4":
  version "7.2.4"
  resolved "https://registry.yarnpkg.com/@pixi/math/-/math-7.2.4.tgz#219b64ca44348a1ee900ee074c51ee7e41615059"
  integrity sha512-LJB+mozyEPllxa0EssFZrKNfVwysfaBun4b2dJKQQInp0DafgbA0j7A+WVg0oe51KhFULTJMpDqbLn/ITFc41A==

"@pixi/mesh-extras@7.2.4":
  version "7.2.4"
  resolved "https://registry.yarnpkg.com/@pixi/mesh-extras/-/mesh-extras-7.2.4.tgz#e3c6721c1a8ff5852e76402276b2f495b7db702d"
  integrity sha512-Lxqq/1E2EmDgjZX8KzjhBy3VvITIQ00arr2ikyHYF1d0XtQTKEYpr8VKzhchqZ5/9DuyTDbDMYGhcxoNXQmZrQ==

"@pixi/mesh@7.2.4":
  version "7.2.4"
  resolved "https://registry.yarnpkg.com/@pixi/mesh/-/mesh-7.2.4.tgz#c78cc24f831a9e08d4ac0a1706e82f3498ba6907"
  integrity sha512-wiALIqcRKib2BqeH9kOA5fOKWN352nqAspgbDa8gA7OyWzmNwqIedIlElixd0oLFOrIN5jOZAdzeKnoYQlt9Aw==

"@pixi/mixin-cache-as-bitmap@7.2.4":
  version "7.2.4"
  resolved "https://registry.yarnpkg.com/@pixi/mixin-cache-as-bitmap/-/mixin-cache-as-bitmap-7.2.4.tgz#4fb69efc40b30b0a8c2c1ad1eee6ca3227eccaed"
  integrity sha512-95L/9nzfLHw6GoeqqRl/RjSloKvRt0xrc2inCmjMZvMsFUEtHN2F8IWd1k5vcv0S+83NCreFkJg6nJm1m5AZqg==

"@pixi/mixin-get-child-by-name@7.2.4":
  version "7.2.4"
  resolved "https://registry.yarnpkg.com/@pixi/mixin-get-child-by-name/-/mixin-get-child-by-name-7.2.4.tgz#863b14c774d3af7e2a38a68904c06bc51a2b51dd"
  integrity sha512-9g17KgSBEEhkinnKk4dqmxagzHOCPSTvGB6lOopBq4yyXmr/2WVv+QGjuzE0O+p80szQeBJjPBQxzrfBILaSRw==

"@pixi/mixin-get-global-position@7.2.4":
  version "7.2.4"
  resolved "https://registry.yarnpkg.com/@pixi/mixin-get-global-position/-/mixin-get-global-position-7.2.4.tgz#8c0b96a0bcd381db9486954aeeb6d06c5ea2e2c0"
  integrity sha512-UrAUF2BXCeWtFgR2m+er41Ky7zShT7r228cZkB6ZfYwMeThhwqG5mH68UeCyP6p68JMpT1gjI2DPfeSRY3ecnA==

"@pixi/particle-container@7.2.4":
  version "7.2.4"
  resolved "https://registry.yarnpkg.com/@pixi/particle-container/-/particle-container-7.2.4.tgz#8f277f65e73b061d0859c7e526f5161f9b090242"
  integrity sha512-tpSzilZGFtAoi8XhzL0TecLPNRQAbY8nWV9XNGXJDw+nxXp18GCe8L6eEmnHLlAug67BRHl65DtrdvTknPX+4g==

"@pixi/prepare@7.2.4":
  version "7.2.4"
  resolved "https://registry.yarnpkg.com/@pixi/prepare/-/prepare-7.2.4.tgz#fd470bbc7dd90c4a8111989c405ffb5521850ff9"
  integrity sha512-Yff5Sh4kTLdKc5VkkM44LW9gpj7Izw8ns3P1TzWxqeGjzPZ3folr/tQujGL+Qw+8A9VESp+hX9MSIHyw+jpyrg==

"@pixi/runner@7.2.4":
  version "7.2.4"
  resolved "https://registry.yarnpkg.com/@pixi/runner/-/runner-7.2.4.tgz#7356e768a43809ed6f8b3254e9bdd8c1a47af0e7"
  integrity sha512-YtyqPk1LA+0guEFKSFx6t/YSvbEQwajFwi4Ft8iDhioa6VK2MmTir1GjWwy7JQYLcDmYSAcQjnmFtVTZohyYSw==

"@pixi/settings@7.2.4":
  version "7.2.4"
  resolved "https://registry.yarnpkg.com/@pixi/settings/-/settings-7.2.4.tgz#bfd3107ad425f99316018ee441accdf7d55627e6"
  integrity sha512-ZPKRar9EwibijGmH8EViu4Greq1I/O7V/xQx2rNqN23XA7g09Qo6yfaeQpufu5xl8+/lZrjuHtQSnuY7OgG1CA==
  dependencies:
    "@pixi/constants" "7.2.4"
    "@types/css-font-loading-module" "^0.0.7"
    ismobilejs "^1.1.0"

"@pixi/sprite-animated@7.2.4":
  version "7.2.4"
  resolved "https://registry.yarnpkg.com/@pixi/sprite-animated/-/sprite-animated-7.2.4.tgz#46b95e52781dd7cf84ee315521c209e48c40656d"
  integrity sha512-9eRriPSC0QVS7U9zQlrG3uEI5+h3fi+mqofXy+yjk1sGCmXSIJME5p2wg2mzxoJk3qkSMagQA9QHtL26Fti8Iw==

"@pixi/sprite-tiling@7.2.4":
  version "7.2.4"
  resolved "https://registry.yarnpkg.com/@pixi/sprite-tiling/-/sprite-tiling-7.2.4.tgz#7bcbd6e0096512fe18934a7b3250c57be19b63e4"
  integrity sha512-nGfxQoACRx49dUN0oW1vFm3141M+7gkAbzoNJym2Pljd2dpLME9fb5E6Lyahu0yWMaPRhhGorn6z9VIGmTF3Jw==

"@pixi/sprite@7.2.4":
  version "7.2.4"
  resolved "https://registry.yarnpkg.com/@pixi/sprite/-/sprite-7.2.4.tgz#be7cd2d58d263131019545a83bb4df7340452ba1"
  integrity sha512-DhR1B+/d0eXpxHIesJMXcVPrKFwQ+zRA1LvEIFfzewqfaRN3X6PMIuoKX8SIb6tl+Hq8Ba9Pe28zI7d2rmRzrA==

"@pixi/spritesheet@7.2.4":
  version "7.2.4"
  resolved "https://registry.yarnpkg.com/@pixi/spritesheet/-/spritesheet-7.2.4.tgz#9214d0c75aa95639c1f528091ac4a4850f5b5b8e"
  integrity sha512-LNmlavyiMQeCF0U4S+yhzxUYmPmat6EpLjLnkGukQTZV5CZkxDCVgXM9uKoRF2DvNydj4yuwZ6+JjK8QssHI8Q==

"@pixi/text-bitmap@7.2.4":
  version "7.2.4"
  resolved "https://registry.yarnpkg.com/@pixi/text-bitmap/-/text-bitmap-7.2.4.tgz#444010da3898c35e2cdb01493bdc21706c9356a1"
  integrity sha512-3u2CP4VN+muCaq/jtj7gn0hb3DET/X2S04zTBcgc2WVGufJc62yz+UDzS9jC+ellotVdt9c8U74++vpz3zJGfw==

"@pixi/text-html@7.2.4":
  version "7.2.4"
  resolved "https://registry.yarnpkg.com/@pixi/text-html/-/text-html-7.2.4.tgz#4702cdb97c6a10ca883d004808d45b1517c7129b"
  integrity sha512-0NfLAE/w51ZtatxVqLvDS62iO0VLKsSdctqTAVv4Zlgdk9TKJmX1WUucHJboTvbm2SbDjNDGfZ6qXM5nAslIDQ==

"@pixi/text@7.2.4":
  version "7.2.4"
  resolved "https://registry.yarnpkg.com/@pixi/text/-/text-7.2.4.tgz#b31e7619ba80acee69cd9fb33948d34f1839bc61"
  integrity sha512-DGu7ktpe+zHhqR2sG9NsJt4mgvSObv5EqXTtUxD4Z0li1gmqF7uktpLyn5I6vSg1TTEL4TECClRDClVDGiykWw==

"@pixi/ticker@7.2.4":
  version "7.2.4"
  resolved "https://registry.yarnpkg.com/@pixi/ticker/-/ticker-7.2.4.tgz#5acb761d3b53a1bbb2e34db59eb2a1b0442a8ed8"
  integrity sha512-hQQHIHvGeFsP4GNezZqjzuhUgNQEVgCH9+qU05UX1Mc5UHC9l6OJnY4VTVhhcHxZjA6RnyaY+1zBxCnoXuazpg==
  dependencies:
    "@pixi/extensions" "7.2.4"
    "@pixi/settings" "7.2.4"
    "@pixi/utils" "7.2.4"

"@pixi/utils@7.2.4":
  version "7.2.4"
  resolved "https://registry.yarnpkg.com/@pixi/utils/-/utils-7.2.4.tgz#9f74e859481e3efbb6e54e524427b39a6d99829c"
  integrity sha512-VUGQHBOINIS4ePzoqafwxaGPVRTa3oM/mEutIIHbNGI3b+QvSO+1Dnk40M0zcH6Bo+MxQZbOZK5X/wO9oU5+LQ==
  dependencies:
    "@pixi/color" "7.2.4"
    "@pixi/constants" "7.2.4"
    "@pixi/settings" "7.2.4"
    "@types/earcut" "^2.1.0"
    earcut "^2.2.4"
    eventemitter3 "^4.0.0"
    url "^0.11.0"

"@quamolit/phlox-utils@^0.0.2":
  version "0.0.2"
  resolved "https://registry.yarnpkg.com/@quamolit/phlox-utils/-/phlox-utils-0.0.2.tgz#4d2f951b69f0a7cb19ea541fe3a498f9afde600d"
  integrity sha512-8XmEHfvNr5zw/zIe3Gu2D0KhgS2oo8druRhfwhCBA6tg8sFJEMfitbCeiJLOXtcZ5RO1APCnlgwHABMfz6GBcQ==
  dependencies:
    d3-color "^3.0.1"

"@quamolit/touch-control@^0.0.13":
  version "0.0.13"
  resolved "https://registry.yarnpkg.com/@quamolit/touch-control/-/touch-control-0.0.13.tgz#84a9ade22bf487ba3f9ed8f8f52c44c0e2022060"
  integrity sha512-Z1UX6ajBqMJrDZOsBDoB+QMiJFtJ7nUtaX/wZOJeaFVRpL+96xkYlcV+vosVjs8i/G85OUBy9RccGnDYT6FCvA==

"@types/css-font-loading-module@^0.0.7":
  version "0.0.7"
  resolved "https://registry.yarnpkg.com/@types/css-font-loading-module/-/css-font-loading-module-0.0.7.tgz#2f98ede46acc0975de85c0b7b0ebe06041d24601"
  integrity sha512-nl09VhutdjINdWyXxHWN/w9zlNCfr60JUqJbd24YXUuCwgeL0TpFSdElCwb6cxfB6ybE19Gjj4g0jsgkXxKv1Q==

"@types/earcut@^2.1.0":
  version "2.1.1"
  resolved "https://registry.yarnpkg.com/@types/earcut/-/earcut-2.1.1.tgz#573a0af609f17005c751f6f4ffec49cfe358ea51"
  integrity sha512-w8oigUCDjElRHRRrMvn/spybSMyX8MTkKA5Dv+tS1IE/TgmNZPqUYtvYBXGY8cieSE66gm+szeK+bnbxC2xHTQ==

"@types/offscreencanvas@^2019.6.4":
  version "2019.7.0"
  resolved "https://registry.yarnpkg.com/@types/offscreencanvas/-/offscreencanvas-2019.7.0.tgz#e4a932069db47bb3eabeb0b305502d01586fa90d"
  integrity sha512-PGcyveRIpL1XIqK8eBsmRBt76eFgtzuPiSTyKHZxnGemp2yzGzWpjYKAfK3wIMiU7eH+851yEpiuP8JZerTmWg==

bottom-tip@^0.1.5:
  version "0.1.5"
  resolved "https://registry.yarnpkg.com/bottom-tip/-/bottom-tip-0.1.5.tgz#ca81e738fba6ae956a5b4c55a78a127820c9b99e"
  integrity sha512-53RCkWg6hY8M7Y9lPgU2f2bAEejQh0H6SCL9B8ufFdYAOAH/cUEwxSsBIH0AcPbOcNaSgdEJr9OhdnTUENe5bA==
  dependencies:
    nanoid "^4.0.1"
    virtual-dom "^2.1.1"

browser-split@0.0.1:
  version "0.0.1"
  resolved "https://registry.yarnpkg.com/browser-split/-/browser-split-0.0.1.tgz#7b097574f8e3ead606fb4664e64adfdda2981a93"
  integrity sha512-JhvgRb2ihQhsljNda3BI8/UcRHVzrVwo3Q+P8vDtSiyobXuFpuZ9mq+MbRGMnC22CjW3RrfXdg6j6ITX8M+7Ow==

call-bind@^1.0.0:
  version "1.0.2"
  resolved "https://registry.yarnpkg.com/call-bind/-/call-bind-1.0.2.tgz#b1d4e89e688119c3c9a903ad30abb2f6a919be3c"
  integrity sha512-7O+FbCihrB5WGbFYesctwmTKae6rOiIzmz1icreWJ+0aA7LJfuqhEso2T9ncpcFtzMQtzXf2QGGueWJGTYsqrA==
  dependencies:
    function-bind "^1.1.1"
    get-intrinsic "^1.0.2"

camelize@^1.0.0:
  version "1.0.1"
  resolved "https://registry.yarnpkg.com/camelize/-/camelize-1.0.1.tgz#89b7e16884056331a35d6b5ad064332c91daa6c3"
  integrity sha512-dU+Tx2fsypxTgtLoE36npi3UqcjSSMNYfkqgmoEhtZrraP5VWq0K7FkWVTYa8eMPtnU/G2txVsfdCJTn9uzpuQ==

colord@^2.9.3:
  version "2.9.3"
  resolved "https://registry.yarnpkg.com/colord/-/colord-2.9.3.tgz#4f8ce919de456f1d5c1c368c307fe20f3e59fb43"
  integrity sha512-jeC1axXpnb0/2nn/Y1LPuLdgXBLH7aDcHu4KEKfqw3CUhX7ZpfBSlPKyqXE6btIgEzfWtrX3/tyBCaCvXvMkOw==

d3-color@^3.0.1:
  version "3.1.0"
  resolved "https://registry.yarnpkg.com/d3-color/-/d3-color-3.1.0.tgz#395b2833dfac71507f12ac2f7af23bf819de24e2"
  integrity sha512-zg/chbXyeBtMQ1LbD/WSoW2DpC3I0mpmPdW+ynRTj/x2DAWYrIY7qeZIHidozwV24m4iavr15lNwIwLxRmOxhA==

dom-walk@^0.1.0:
  version "0.1.2"
  resolved "https://registry.yarnpkg.com/dom-walk/-/dom-walk-0.1.2.tgz#0c548bef048f4d1f2a97249002236060daa3fd84"
  integrity sha512-6QvTW9mrGeIegrFXdtQi9pk7O/nSK6lSdXW2eqUspN5LWD7UTji2Fqw5V2YLjBpHEoU9Xl/eUWNpDeZvoyOv2w==

earcut@^2.2.4:
  version "2.2.4"
  resolved "https://registry.yarnpkg.com/earcut/-/earcut-2.2.4.tgz#6d02fd4d68160c114825d06890a92ecaae60343a"
  integrity sha512-/pjZsA1b4RPHbeWZQn66SWS8nZZWLQQ23oE3Eam7aroEFGEvwKAsJfZ9ytiEMycfzXWpca4FA9QIOehf7PocBQ==

error@^4.3.0:
  version "4.4.0"
  resolved "https://registry.yarnpkg.com/error/-/error-4.4.0.tgz#bf69ff251fb4a279c19adccdaa6b61e90d9bf12a"
  integrity sha512-SNDKualLUtT4StGFP7xNfuFybL2f6iJujFtrWuvJqGbVQGaN+adE23veqzPz1hjUjTunLi2EnJ+0SJxtbJreKw==
  dependencies:
    camelize "^1.0.0"
    string-template "~0.2.0"
    xtend "~4.0.0"

esbuild@^0.18.10:
  version "0.18.20"
  resolved "https://registry.yarnpkg.com/esbuild/-/esbuild-0.18.20.tgz#4709f5a34801b43b799ab7d6d82f7284a9b7a7a6"
  integrity sha512-ceqxoedUrcayh7Y7ZX6NdbbDzGROiyVBgC4PriJThBKSVPWnnFHZAkfI1lJT8QFkOwH4qOS2SJkS4wvpGl8BpA==
  optionalDependencies:
    "@esbuild/android-arm" "0.18.20"
    "@esbuild/android-arm64" "0.18.20"
    "@esbuild/android-x64" "0.18.20"
    "@esbuild/darwin-arm64" "0.18.20"
    "@esbuild/darwin-x64" "0.18.20"
    "@esbuild/freebsd-arm64" "0.18.20"
    "@esbuild/freebsd-x64" "0.18.20"
    "@esbuild/linux-arm" "0.18.20"
    "@esbuild/linux-arm64" "0.18.20"
    "@esbuild/linux-ia32" "0.18.20"
    "@esbuild/linux-loong64" "0.18.20"
    "@esbuild/linux-mips64el" "0.18.20"
    "@esbuild/linux-ppc64" "0.18.20"
    "@esbuild/linux-riscv64" "0.18.20"
    "@esbuild/linux-s390x" "0.18.20"
    "@esbuild/linux-x64" "0.18.20"
    "@esbuild/netbsd-x64" "0.18.20"
    "@esbuild/openbsd-x64" "0.18.20"
    "@esbuild/sunos-x64" "0.18.20"
    "@esbuild/win32-arm64" "0.18.20"
    "@esbuild/win32-ia32" "0.18.20"
    "@esbuild/win32-x64" "0.18.20"

ev-store@^7.0.0:
  version "7.0.0"
  resolved "https://registry.yarnpkg.com/ev-store/-/ev-store-7.0.0.tgz#1ab0c7f82136505dd74b31d17701cb2be6d26558"
  integrity sha512-otazchNRnGzp2YarBJ+GXKVGvhxVATB1zmaStxJBYet0Dyq7A9VhH8IUEB/gRcL6Ch52lfpgPTRJ2m49epyMsQ==
  dependencies:
    individual "^3.0.0"

eventemitter3@^4.0.0:
  version "4.0.7"
  resolved "https://registry.yarnpkg.com/eventemitter3/-/eventemitter3-4.0.7.tgz#2de9b68f6528d5644ef5c59526a1b4a07306169f"
  integrity sha512-8guHBZCwKnFhYdHr2ysuRWErTwhoN2X8XELRlrRwpmfeY2jjuUN4taQMsULKUVo1K4DvZl+0pgfyoysHxvmvEw==

fontfaceobserver-es@^3.3.3:
  version "3.3.3"
  resolved "https://registry.yarnpkg.com/fontfaceobserver-es/-/fontfaceobserver-es-3.3.3.tgz#b8fa6b774592c53d4ff98b031f97f15f9bdc4d83"
  integrity sha512-1EyweL1ryy0koZWk80Kr0UgWq9KhbOl2cD6x1O8BtFu0gNqCWIXK1lVFSUb37DI5FMn1m86I6X7N1JRBy8wVfw==

fsevents@~2.3.2:
  version "2.3.3"
  resolved "https://registry.yarnpkg.com/fsevents/-/fsevents-2.3.3.tgz#cac6407785d03675a2a5e1a5305c697b347d90d6"
  integrity sha512-5xoDfX+fL7faATnagmWPpbFtwh/R77WmMMqqHGS65C3vvB0YHrgF+B1YmZ3441tMj5n63k0212XNoJwzlhffQw==

function-bind@^1.1.1:
  version "1.1.1"
  resolved "https://registry.yarnpkg.com/function-bind/-/function-bind-1.1.1.tgz#a56899d3ea3c9bab874bb9773b7c5ede92f4895d"
  integrity sha512-yIovAzMX49sF8Yl58fSCWJ5svSLuaibPxXQJFLmBObTuCr0Mf1KiPopGM9NiFjiYBCbfaa2Fh6breQ6ANVTI0A==

get-intrinsic@^1.0.2:
  version "1.2.1"
  resolved "https://registry.yarnpkg.com/get-intrinsic/-/get-intrinsic-1.2.1.tgz#d295644fed4505fc9cde952c37ee12b477a83d82"
  integrity sha512-2DcsyfABl+gVHEfCOaTrWgyt+tb6MSEGmKq+kI5HwLbIYgjgmMcV8KQ41uaKz1xxUcn9tJtgFbQUEVcEbd0FYw==
  dependencies:
    function-bind "^1.1.1"
    has "^1.0.3"
    has-proto "^1.0.1"
    has-symbols "^1.0.3"

global@^4.3.0:
  version "4.4.0"
  resolved "https://registry.yarnpkg.com/global/-/global-4.4.0.tgz#3e7b105179006a323ed71aafca3e9c57a5cc6406"
  integrity sha512-wv/LAoHdRE3BeTGz53FAamhGlPLhlssK45usmGFThIi4XqnBmjKQ16u+RNbP7WvigRZDxUsM0J3gcQ5yicaL0w==
  dependencies:
    min-document "^2.19.0"
    process "^0.11.10"

has-proto@^1.0.1:
  version "1.0.1"
  resolved "https://registry.yarnpkg.com/has-proto/-/has-proto-1.0.1.tgz#1885c1305538958aff469fef37937c22795408e0"
  integrity sha512-7qE+iP+O+bgF9clE5+UoBFzE65mlBiVj3tKCrlNQ0Ogwm0BjpT/gK4SlLYDMybDh5I3TCTKnPPa0oMG7JDYrhg==

has-symbols@^1.0.3:
  version "1.0.3"
  resolved "https://registry.yarnpkg.com/has-symbols/-/has-symbols-1.0.3.tgz#bb7b2c4349251dce87b125f7bdf874aa7c8b39f8"
  integrity sha512-l3LCuF6MgDNwTDKkdYGEihYjt5pRPbEg46rtlmnSPlUbgmB8LOIrKJbYYFBSbnPaJexMKtiPO8hmeRjRz2Td+A==

has@^1.0.3:
  version "1.0.3"
  resolved "https://registry.yarnpkg.com/has/-/has-1.0.3.tgz#722d7cbfc1f6aa8241f16dd814e011e1f41e8796"
  integrity sha512-f2dvO0VU6Oej7RkWJGrehjbzMAjFp5/VKPp5tTpWIV4JHHZK1/BxbFRtf/siA2SWTe09caDmVtYYzWEIbBS4zw==
  dependencies:
    function-bind "^1.1.1"

hsluv@^1.0.1:
  version "1.0.1"
  resolved "https://registry.yarnpkg.com/hsluv/-/hsluv-1.0.1.tgz#8f957afd3f928d2de7f7569db7687f811bb2baed"
  integrity sha512-zCaFTiDqBLQjCCFBu0qg7z9ASYPd+Bxx2GDCVZJsnehjK80S+jByqhuFz0pCd2Aw3FSKr18AWbRlwnKR0YdizQ==

individual@^3.0.0:
  version "3.0.0"
  resolved "https://registry.yarnpkg.com/individual/-/individual-3.0.0.tgz#e7ca4f85f8957b018734f285750dc22ec2f9862d"
  integrity sha512-rUY5vtT748NMRbEMrTNiFfy29BgGZwGXUi2NFUVMWQrogSLzlJvQV9eeMWi+g1aVaQ53tpyLAQtd5x/JH0Nh1g==

is-object@^1.0.1:
  version "1.0.2"
  resolved "https://registry.yarnpkg.com/is-object/-/is-object-1.0.2.tgz#a56552e1c665c9e950b4a025461da87e72f86fcf"
  integrity sha512-2rRIahhZr2UWb45fIOuvZGpFtz0TyOZLf32KxBbSoUCeZR495zCKlWUKKUByk3geS2eAs7ZAABt0Y/Rx0GiQGA==

ismobilejs@^1.1.0:
  version "1.1.1"
  resolved "https://registry.yarnpkg.com/ismobilejs/-/ismobilejs-1.1.1.tgz#c56ca0ae8e52b24ca0f22ba5ef3215a2ddbbaa0e"
  integrity sha512-VaFW53yt8QO61k2WJui0dHf4SlL8lxBofUuUmwBo0ljPk0Drz2TiuDW4jo3wDcv41qy/SxrJ+VAzJ/qYqsmzRw==

min-document@^2.19.0:
  version "2.19.0"
  resolved "https://registry.yarnpkg.com/min-document/-/min-document-2.19.0.tgz#7bd282e3f5842ed295bb748cdd9f1ffa2c824685"
  integrity sha512-9Wy1B3m3f66bPPmU5hdA4DR4PB2OfDU/+GS3yAB7IQozE3tqXaVv2zOjgla7MEGSRv95+ILmOuvhLkOK6wJtCQ==
  dependencies:
    dom-walk "^0.1.0"

mobile-detect@^1.4.5:
  version "1.4.5"
  resolved "https://registry.yarnpkg.com/mobile-detect/-/mobile-detect-1.4.5.tgz#da393c3c413ca1a9bcdd9ced653c38281c0fb6ad"
  integrity sha512-yc0LhH6tItlvfLBugVUEtgawwFU2sIe+cSdmRJJCTMZ5GEJyLxNyC/NIOAOGk67Fa8GNpOttO3Xz/1bHpXFD/g==

nanoid@^2.1.0:
  version "2.1.11"
  resolved "https://registry.yarnpkg.com/nanoid/-/nanoid-2.1.11.tgz#ec24b8a758d591561531b4176a01e3ab4f0f0280"
  integrity sha512-s/snB+WGm6uwi0WjsZdaVcuf3KJXlfGl2LcxgwkEwJF0D/BWzVWAZW/XY4bFaiR7s0Jk3FPvlnepg1H1b1UwlA==

nanoid@^3.3.6:
  version "3.3.6"
  resolved "https://registry.yarnpkg.com/nanoid/-/nanoid-3.3.6.tgz#443380c856d6e9f9824267d960b4236ad583ea4c"
  integrity sha512-BGcqMMJuToF7i1rt+2PWSNVnWIkGCU78jBG3RxO/bZlnZPK2Cmi2QaffxGO/2RvWi9sL+FAiRiXMgsyxQ1DIDA==

nanoid@^4.0.1:
  version "4.0.2"
  resolved "https://registry.yarnpkg.com/nanoid/-/nanoid-4.0.2.tgz#140b3c5003959adbebf521c170f282c5e7f9fb9e"
  integrity sha512-7ZtY5KTCNheRGfEFxnedV5zFiORN1+Y1N6zvPTnHQd8ENUvfaDBeuJDZb2bN/oXwXxu3qkTXDzy57W5vAmDTBw==

next-tick@^0.2.2:
  version "0.2.2"
  resolved "https://registry.yarnpkg.com/next-tick/-/next-tick-0.2.2.tgz#75da4a927ee5887e39065880065b7336413b310d"
  integrity sha512-f7h4svPtl+QidoBv4taKXUjJ70G2asaZ8G28nS0OkqaalX8dwwrtWtyxEDPK62AC00ur/+/E0pUwBwY5EPn15Q==

object-inspect@^1.9.0:
  version "1.12.3"
  resolved "https://registry.yarnpkg.com/object-inspect/-/object-inspect-1.12.3.tgz#ba62dffd67ee256c8c086dfae69e016cd1f198b9"
  integrity sha512-geUvdk7c+eizMNUDkRpW1wJwgfOiOeHbxBR/hLXK1aT6zmVSO0jsQcs7fj6MGw89jC/cjGfLcNOrtMYtGqm81g==

picocolors@^1.0.0:
  version "1.0.0"
  resolved "https://registry.yarnpkg.com/picocolors/-/picocolors-1.0.0.tgz#cb5bdc74ff3f51892236eaf79d68bc44564ab81c"
  integrity sha512-1fygroTLlHu66zi26VoTDv8yRgm0Fccecssto+MhsZ0D/DGW2sm8E8AjW7NU5VVTRt5GxbeZ5qBuJr+HyLYkjQ==

pixi.js@7.2.4:
  version "7.2.4"
  resolved "https://registry.yarnpkg.com/pixi.js/-/pixi.js-7.2.4.tgz#4cd6776bf7f74a6c5e121dd1b59329e66be2ce49"
  integrity sha512-nBH60meoLnHxoMFz17HoMxXS4uJpG5jwIdL+Gx2S11TzWgP3iKF+/WLOTrkSdyuQoQSdIBxVqpnYii0Wiox15A==
  dependencies:
    "@pixi/accessibility" "7.2.4"
    "@pixi/app" "7.2.4"
    "@pixi/assets" "7.2.4"
    "@pixi/compressed-textures" "7.2.4"
    "@pixi/core" "7.2.4"
    "@pixi/display" "7.2.4"
    "@pixi/events" "7.2.4"
    "@pixi/extensions" "7.2.4"
    "@pixi/extract" "7.2.4"
    "@pixi/filter-alpha" "7.2.4"
    "@pixi/filter-blur" "7.2.4"
    "@pixi/filter-color-matrix" "7.2.4"
    "@pixi/filter-displacement" "7.2.4"
    "@pixi/filter-fxaa" "7.2.4"
    "@pixi/filter-noise" "7.2.4"
    "@pixi/graphics" "7.2.4"
    "@pixi/mesh" "7.2.4"
    "@pixi/mesh-extras" "7.2.4"
    "@pixi/mixin-cache-as-bitmap" "7.2.4"
    "@pixi/mixin-get-child-by-name" "7.2.4"
    "@pixi/mixin-get-global-position" "7.2.4"
    "@pixi/particle-container" "7.2.4"
    "@pixi/prepare" "7.2.4"
    "@pixi/sprite" "7.2.4"
    "@pixi/sprite-animated" "7.2.4"
    "@pixi/sprite-tiling" "7.2.4"
    "@pixi/spritesheet" "7.2.4"
    "@pixi/text" "7.2.4"
    "@pixi/text-bitmap" "7.2.4"
    "@pixi/text-html" "7.2.4"

postcss@^8.4.27:
  version "8.4.31"
  resolved "https://registry.yarnpkg.com/postcss/-/postcss-8.4.31.tgz#92b451050a9f914da6755af352bdc0192508656d"
  integrity sha512-PS08Iboia9mts/2ygV3eLpY5ghnUcfLV/EXTOW1E2qYxJKGGBUtNjN76FYHnMs36RmARn41bC0AZmn+rR0OVpQ==
  dependencies:
    nanoid "^3.3.6"
    picocolors "^1.0.0"
    source-map-js "^1.0.2"

process@^0.11.10:
  version "0.11.10"
  resolved "https://registry.yarnpkg.com/process/-/process-0.11.10.tgz#7332300e840161bda3e69a1d1d91a7d4bc16f182"
  integrity sha512-cdGef/drWFoydD1JsMzuFf8100nZl+GT+yacc2bEced5f9Rjk4z+WtFUTBu9PhOi9j/jfmBPu0mMEY4wIdAF8A==

punycode@^1.4.1:
  version "1.4.1"
  resolved "https://registry.yarnpkg.com/punycode/-/punycode-1.4.1.tgz#c0d5a63b2718800ad8e1eb0fa5269c84dd41845e"
  integrity sha512-jmYNElW7yvO7TV33CjSmvSiE2yco3bV2czu/OzDKdMNVZQWfxCblURLhf+47syQRBntjfLdd/H0egrzIG+oaFQ==

qs@^6.11.0:
  version "6.11.2"
  resolved "https://registry.yarnpkg.com/qs/-/qs-6.11.2.tgz#64bea51f12c1f5da1bc01496f48ffcff7c69d7d9"
  integrity sha512-tDNIz22aBzCDxLtVH++VnTfzxlfeK5CbqohpSqpJgj1Wg/cQbStNAz3NuqCs5vV+pjBsK4x4pN9HlVh7rcYRiA==
  dependencies:
    side-channel "^1.0.4"

rollup@^3.27.1:
  version "3.28.1"
  resolved "https://registry.yarnpkg.com/rollup/-/rollup-3.28.1.tgz#fb44aa6d5e65c7e13fd5bcfff266d0c4ea9ba433"
  integrity sha512-R9OMQmIHJm9znrU3m3cpE8uhN0fGdXiawME7aZIpQqvpS/85+Vt1Hq1/yVIcYfOmaQiHjvXkQAoJukvLpau6Yw==
  optionalDependencies:
    fsevents "~2.3.2"

shortid@^2.2.16:
  version "2.2.16"
  resolved "https://registry.yarnpkg.com/shortid/-/shortid-2.2.16.tgz#b742b8f0cb96406fd391c76bfc18a67a57fe5608"
  integrity sha512-Ugt+GIZqvGXCIItnsL+lvFJOiN7RYqlGy7QE41O3YC1xbNSeDGIRO7xg2JJXIAj1cAGnOeC1r7/T9pgrtQbv4g==
  dependencies:
    nanoid "^2.1.0"

side-channel@^1.0.4:
  version "1.0.4"
  resolved "https://registry.yarnpkg.com/side-channel/-/side-channel-1.0.4.tgz#efce5c8fdc104ee751b25c58d4290011fa5ea2cf"
  integrity sha512-q5XPytqFEIKHkGdiMIrY10mvLRvnQh42/+GoBlFW3b2LXLE2xxJpZFdm94we0BaoV3RwJyGqg5wS7epxTv0Zvw==
  dependencies:
    call-bind "^1.0.0"
    get-intrinsic "^1.0.2"
    object-inspect "^1.9.0"

source-map-js@^1.0.2:
  version "1.0.2"
  resolved "https://registry.yarnpkg.com/source-map-js/-/source-map-js-1.0.2.tgz#adbc361d9c62df380125e7f161f71c826f1e490c"
  integrity sha512-R0XvVJ9WusLiqTCEiGCmICCMplcCkIwwR11mOSD9CR5u+IXYdiseeEuXCVAjS54zqwkLcPNnmU4OeJ6tUrWhDw==

string-template@~0.2.0:
  version "0.2.1"
  resolved "https://registry.yarnpkg.com/string-template/-/string-template-0.2.1.tgz#42932e598a352d01fc22ec3367d9d84eec6c9add"
  integrity sha512-Yptehjogou2xm4UJbxJ4CxgZx12HBfeystp0y3x7s4Dj32ltVVG1Gg8YhKjHZkHicuKpZX/ffilA8505VbUbpw==

url@^0.11.0:
  version "0.11.1"
  resolved "https://registry.yarnpkg.com/url/-/url-0.11.1.tgz#26f90f615427eca1b9f4d6a28288c147e2302a32"
  integrity sha512-rWS3H04/+mzzJkv0eZ7vEDGiQbgquI1fGfOad6zKvgYQi1SzMmhl7c/DdRGxhaWrVH6z0qWITo8rpnxK/RfEhA==
  dependencies:
    punycode "^1.4.1"
    qs "^6.11.0"

virtual-dom@^2.1.1:
  version "2.1.1"
  resolved "https://registry.yarnpkg.com/virtual-dom/-/virtual-dom-2.1.1.tgz#80eda2d481b9ede0c049118cefcb4a05f21d1375"
  integrity sha512-wb6Qc9Lbqug0kRqo/iuApfBpJJAq14Sk1faAnSmtqXiwahg7PVTvWMs9L02Z8nNIMqbwsxzBAA90bbtRLbw0zg==
  dependencies:
    browser-split "0.0.1"
    error "^4.3.0"
    ev-store "^7.0.0"
    global "^4.3.0"
    is-object "^1.0.1"
    next-tick "^0.2.2"
    x-is-array "0.1.0"
    x-is-string "0.1.0"

vite@^4.4.12:
  version "4.4.12"
  resolved "https://registry.yarnpkg.com/vite/-/vite-4.4.12.tgz#e9c355d5a0d8a47afa46cb4bad10820da333da5c"
  integrity sha512-KtPlUbWfxzGVul8Nut8Gw2Qe8sBzWY+8QVc5SL8iRFnpnrcoCaNlzO40c1R6hPmcdTwIPEDkq0Y9+27a5tVbdQ==
  dependencies:
    esbuild "^0.18.10"
    postcss "^8.4.27"
    rollup "^3.27.1"
  optionalDependencies:
    fsevents "~2.3.2"

x-is-array@0.1.0:
  version "0.1.0"
  resolved "https://registry.yarnpkg.com/x-is-array/-/x-is-array-0.1.0.tgz#de520171d47b3f416f5587d629b89d26b12dc29d"
  integrity sha512-goHPif61oNrr0jJgsXRfc8oqtYzvfiMJpTqwE7Z4y9uH+T3UozkGqQ4d2nX9mB9khvA8U2o/UbPOFjgC7hLWIA==

x-is-string@0.1.0:
  version "0.1.0"
  resolved "https://registry.yarnpkg.com/x-is-string/-/x-is-string-0.1.0.tgz#474b50865af3a49a9c4657f05acd145458f77d82"
  integrity sha512-GojqklwG8gpzOVEVki5KudKNoq7MbbjYZCbyWzEz7tyPA7eleiE0+ePwOWQQRb5fm86rD3S8Tc0tSFf3AOv50w==

xtend@~4.0.0:
  version "4.0.2"
  resolved "https://registry.yarnpkg.com/xtend/-/xtend-4.0.2.tgz#bb72779f5fa465186b1f438f674fa347fdb5db54"
  integrity sha512-LKYU1iAXJXUgAXn9URjiu+MWhyUXHsvfp7mcuYm9dSUKK0/CjtrUwFAxD82/mCWbtLsGjFIad0wIsod4zrTAEQ==
