# THIS IS AN AUTOGENERATED FILE. DO NOT EDIT THIS FILE DIRECTLY.
# yarn lockfile v1


"@calcit/procs@^0.4.17":
  version "0.4.19"
  resolved "https://registry.npmjs.org/@calcit/procs/-/procs-0.4.19.tgz#7db14326edf50314fa2c712d0b13375d81246fd5"
  integrity sha512-xk94X2hMFcEFKraPvJKa13HnXUlYNaJdIUQmKDACD7pUu8Q7kGePOsu2qRvFTMdfQP0U0PgzZVBvLFlOFRrslA==
  dependencies:
    "@calcit/ternary-tree" "0.0.16"
    "@cirru/parser.ts" "^0.0.3"
    "@cirru/writer.ts" "^0.1.3"

"@calcit/ternary-tree@0.0.16":
  version "0.0.16"
  resolved "https://registry.npmjs.org/@calcit/ternary-tree/-/ternary-tree-0.0.16.tgz#8932ab23fea3c3d13e61671b06ca3b38c2244736"
  integrity sha512-SsYe0qXRutmPKLvkDYydqQx+i5pDdlkkOAyGqyCHlcvknHj1oMEue4N0FBNN0VhgWxplCS5VXqMgSIL/rWktpA==

"@cirru/parser.ts@^0.0.3":
  version "0.0.3"
  resolved "https://registry.npmjs.org/@cirru/parser.ts/-/parser.ts-0.0.3.tgz#b0ba91ac9812631d0ac0b943922ebb4d04314066"
  integrity sha512-Tdj4yd2nL1vxUm9aKqmuclAIRbVm7K3WJEqAzDAnR7oL7Iygwt7JzquRakm8DbSuNFsW7gazDS7wNJF5iowEoQ==

"@cirru/writer.ts@^0.1.3":
  version "0.1.3"
  resolved "https://registry.npmjs.org/@cirru/writer.ts/-/writer.ts-0.1.3.tgz#5f54bdecaa20ba3dab16cbe6da711854138a9c0a"
  integrity sha512-vJnhmhm7we5UfQIwmZfQpF3bAFbVybzT6LbmkbQHxgijaQg3gPfNVsnSIa3g3KpmWVtvkzEx+nUy5aMwsJiV1A==

"@pixi/accessibility@6.1.2":
  version "6.1.2"
  resolved "https://registry.npmjs.org/@pixi/accessibility/-/accessibility-6.1.2.tgz#c6845bcfc3ce274bc2ae04bd2ecd02cfa54954fd"
  integrity sha512-riXpC4PBJYaAG5aWUZ3ud+zhF2ulqnNGCMvlcf/RfuNHlI0jd3SQ0/sxI9OwT0usnxjUDd8beDk8txJGmrX8Fw==

"@pixi/app@6.1.2":
  version "6.1.2"
  resolved "https://registry.npmjs.org/@pixi/app/-/app-6.1.2.tgz#00fd5720f918e48d2cce9ea690ebeed146204497"
  integrity sha512-fv8kyFw2w8kX9UZNetlNAerM7Uszr2BSXKIMqB8lITpeE7XlnNpDussdF9z87fBjSYgMD3bdWSkhdj54QY6n9A==

"@pixi/compressed-textures@6.1.2":
  version "6.1.2"
  resolved "https://registry.npmjs.org/@pixi/compressed-textures/-/compressed-textures-6.1.2.tgz#efc2de485cc495f22fd97b9b5963de298aa4cb8f"
  integrity sha512-BcOaXKS4+6fTOnORt6o2uKUJGpwTIDhIzF+t0ekd9UGhfLykFHIALdgCYPU1e4GvtWWDfaYYhIwWWa8sX+FWTQ==

"@pixi/constants@6.1.2":
  version "6.1.2"
  resolved "https://registry.npmjs.org/@pixi/constants/-/constants-6.1.2.tgz#efc12bfcb75aec18c4920d2c0b2fa513d34cc777"
  integrity sha512-rPHWzGDI/PKD0/p8mrsoednpDhbvfidcen2Vozz7KNO5SS/ljqyiZLEbHwYK/xhc2Z7QvXVuDuPaWl9FBCRiQg==

"@pixi/core@6.1.2":
  version "6.1.2"
  resolved "https://registry.npmjs.org/@pixi/core/-/core-6.1.2.tgz#81b151654f5c072feb59052325edaab39329ab96"
  integrity sha512-S+f0qmVkrePor2XKA6A70Axo8ui+HiZgkl1J7AWVtl6MI49+3tXra9Ww3xmp/6jEdIUQyyN5sC8cg8dF/lgmBw==

"@pixi/display@6.1.2":
  version "6.1.2"
  resolved "https://registry.npmjs.org/@pixi/display/-/display-6.1.2.tgz#4fc7d407723d3c496f069e3f5de7de83ca712cfe"
  integrity sha512-JbX9GF6kOg8n8mcOFvcVZBpDRZtB/u7I+L0taOMHHtQ16bdBQ9+CxYgvOi9FLyWQNKl4utnnviQx4t8Km01POQ==

"@pixi/extract@6.1.2":
  version "6.1.2"
  resolved "https://registry.npmjs.org/@pixi/extract/-/extract-6.1.2.tgz#bd625bb09f95dc536cdaa5abec238934d9cf9c7a"
  integrity sha512-1vnAOJEaaRsTWyRa4OCodVubvZ0Ib3LVkg5MFU+bDsgnczwUiZEOvtaQKOAiO1F9rEdNdvuo/TQyWlJAuHB73Q==

"@pixi/filter-alpha@6.1.2":
  version "6.1.2"
  resolved "https://registry.npmjs.org/@pixi/filter-alpha/-/filter-alpha-6.1.2.tgz#4f57bb9a536f3be167211a61941353bfcaaa0cb7"
  integrity sha512-8qvW6FrJ8liyswfQJrFKRo679j1vhszxsa/A0unXJYGkD8fRlnoywr2gci+yEb/AyEiuwJF59v2YtWjFjkJ2fA==

"@pixi/filter-blur@6.1.2":
  version "6.1.2"
  resolved "https://registry.npmjs.org/@pixi/filter-blur/-/filter-blur-6.1.2.tgz#8962fb48596ebab54bc3a7c1179ad7b256581e4c"
  integrity sha512-4uJUVtuiuQbPBqXwUS7aUoe8SAnjcmAwKR+KClgn/4XvwIXaULvQcmSUTyrROmWeNTGm6LgVcX4pbb8aO5lWLg==

"@pixi/filter-color-matrix@6.1.2":
  version "6.1.2"
  resolved "https://registry.npmjs.org/@pixi/filter-color-matrix/-/filter-color-matrix-6.1.2.tgz#fa0685536524b2da437aa65abca1eaa5ef20ff5d"
  integrity sha512-xHd0OFdJr2nuqUKSjpf9W2OQwrfmQ7v00eiqeBA9azFmMJ4XmsRmAaej+mgBM2L9j4gZmbGE/5h5ZA80NCAHfg==

"@pixi/filter-displacement@6.1.2":
  version "6.1.2"
  resolved "https://registry.npmjs.org/@pixi/filter-displacement/-/filter-displacement-6.1.2.tgz#549dfaede27e15674a12533ef12fef9292f5c93a"
  integrity sha512-LOQJUfsIcgGkURT7/cqdb9sDjhGO9eQXPb8YHeMyBgKouby0On9REFbueE0cwfuY/MGcfru55JH8okcG7YXj2w==

"@pixi/filter-fxaa@6.1.2":
  version "6.1.2"
  resolved "https://registry.npmjs.org/@pixi/filter-fxaa/-/filter-fxaa-6.1.2.tgz#ec077b632967bbc00ee1dc481eeba6640b55294b"
  integrity sha512-Gx2i8DCSKXhnUz0/rFsTmSaGVXl+kyZnD7/e1WojZD4M/2DPzQXqfbmi2OxsR1dyFBH6utNjmYP8xIvQ4JmSMw==

"@pixi/filter-noise@6.1.2":
  version "6.1.2"
  resolved "https://registry.npmjs.org/@pixi/filter-noise/-/filter-noise-6.1.2.tgz#fc4a409ffd153929540767c4676c169f07d7f7b7"
  integrity sha512-sPYw3fuxycnVa12C66RhJGeK32XXfX7ANvH5ZRf6i3NwsnmlEZfid8zrujt23xdY0UNqHxwYyg2RrQS9mLDanw==

"@pixi/graphics@6.1.2":
  version "6.1.2"
  resolved "https://registry.npmjs.org/@pixi/graphics/-/graphics-6.1.2.tgz#f065b5fe06ae6bd8db036630f607c9f9422254a8"
  integrity sha512-aNQ9242RV3Lg4hLmU4rN9jGKhE84vjkxEWswpyqChDqh5vOeahSjZo4DR+qIsEUwEo/OgRY1kvpWY4+2xzMSjg==

"@pixi/interaction@6.1.2":
  version "6.1.2"
  resolved "https://registry.npmjs.org/@pixi/interaction/-/interaction-6.1.2.tgz#5c560b61dcb683f169386d58ec8267607a42baad"
  integrity sha512-0Hw6ZTXW8jgwq1Ek4wu+JqbSpIeOGvUR9mYuh8Ucrsi089Zavv/sOtAVVO8Zq1psFUjsU+BXSuOZmgOi2xwHFQ==

"@pixi/loaders@6.1.2":
  version "6.1.2"
  resolved "https://registry.npmjs.org/@pixi/loaders/-/loaders-6.1.2.tgz#ac57deb487536f2b31a961a26b2e2d036f720c3b"
  integrity sha512-InzcLF6Xl9DAp8O2w93r+xEfL9tZYe+CMjVKxJCEebee8JliurRX5Tpq/POi1QwwApi5HaQdpbZ5akQGZGA/+Q==

"@pixi/math@6.1.2":
  version "6.1.2"
  resolved "https://registry.npmjs.org/@pixi/math/-/math-6.1.2.tgz#1049ff0f3bb8061b82c10041b26e03db25d7d4cc"
  integrity sha512-tARAZaR01bifqQFW5P714k+Kb8KntKoxVSxbxkY58RSibpoCBFZ8ZnrlT4HY3ovIx66KhH7JJeVhCsXG2d/ggg==

"@pixi/mesh-extras@6.1.2":
  version "6.1.2"
  resolved "https://registry.npmjs.org/@pixi/mesh-extras/-/mesh-extras-6.1.2.tgz#c3a88a3d9fd325d839aded1443cf3199254e4bd3"
  integrity sha512-MtOHfbfDJ0RyNq3S1frm/+erxCyrayZFOJA0bBIFvHW5WeolAcLo+pNGlmh/1qufDTnMK3UM16mOzAz9qNA7wA==

"@pixi/mesh@6.1.2":
  version "6.1.2"
  resolved "https://registry.npmjs.org/@pixi/mesh/-/mesh-6.1.2.tgz#61e24abda5706dfae417c4d0e3d8cdb16e8ca332"
  integrity sha512-3aEke7cXq+EIsuVW8G/Ro5GekbZRDFSSxOtbpzNoSjNdTgnKb3OcNaaygu8tK+ZN2uXxN2u91d6f0ki8Y6VnUA==

"@pixi/mixin-cache-as-bitmap@6.1.2":
  version "6.1.2"
  resolved "https://registry.npmjs.org/@pixi/mixin-cache-as-bitmap/-/mixin-cache-as-bitmap-6.1.2.tgz#591191a9b1a9880b5ae6888c8c41bb31f361e711"
  integrity sha512-8H5SZ6KTKI0WIYPNasjgGDanwUuIyyWtug/qK8j/LNuvVZmj9xfeQnih+Zi727SxKLrnD2mPWXWzSbDrp0MpnQ==

"@pixi/mixin-get-child-by-name@6.1.2":
  version "6.1.2"
  resolved "https://registry.npmjs.org/@pixi/mixin-get-child-by-name/-/mixin-get-child-by-name-6.1.2.tgz#f5d03c1a0361d259485b6964b3873b57141e3a43"
  integrity sha512-9WCGFWiY8fisUCir51Q3JKMSw16M5KSzDxAHVyNlinBv71ifH+AZgdzeogDbQf1ysP4BL2K956czPv19GbcANw==

"@pixi/mixin-get-global-position@6.1.2":
  version "6.1.2"
  resolved "https://registry.npmjs.org/@pixi/mixin-get-global-position/-/mixin-get-global-position-6.1.2.tgz#9c9affdc7589f48fb51d9045e3fc5c0584b99d95"
  integrity sha512-E7+yo2Cv+qrIXeH8x3tr98H4qEY3vn+IYTbJP0m7/hVA98qTOoP866MJUBNwgwtbRgNEQJwGuGs+m/yK2mcW7w==

"@pixi/particle-container@6.1.2":
  version "6.1.2"
  resolved "https://registry.npmjs.org/@pixi/particle-container/-/particle-container-6.1.2.tgz#92c8b1981ad6eae4ce5a8e6e6140c866624a2607"
  integrity sha512-2IvY0nkH8tc7dY6Gk/RyCaSWaPWNEEurPeEkDYhYUcL/ktlqD65PzHQVMZ20nhW5hnHx4bn2H4S1U/5ilvg8Tg==

"@pixi/polyfill@6.1.2":
  version "6.1.2"
  resolved "https://registry.npmjs.org/@pixi/polyfill/-/polyfill-6.1.2.tgz#a5f62a8a79b4e5368afc99dcff7ede1b338e152d"
  integrity sha512-sULLKpSNyax5sYkPMIm+e36zZC1+gfexn5DGrLswR+vHy1Eu8Ler/P0dak+nzKTqwL1hwkuVlCZms+esG9myNQ==
  dependencies:
    object-assign "^4.1.1"
    promise-polyfill "^8.2.0"

"@pixi/prepare@6.1.2":
  version "6.1.2"
  resolved "https://registry.npmjs.org/@pixi/prepare/-/prepare-6.1.2.tgz#c7e40a6043734011f26364a50846ef77a24434e1"
  integrity sha512-qHoS/knfchT7ZvpV1MwJQaS5zb8uvlO2paKRLN76aZR4dHKCpRzVWHJ+5EuSEacbbzX8ElBMTCI0iV1V7L1Jiw==

"@pixi/runner@6.1.2":
  version "6.1.2"
  resolved "https://registry.npmjs.org/@pixi/runner/-/runner-6.1.2.tgz#38e25a761ca9bab1d67e59449c7ae92656b1fa51"
  integrity sha512-OKFnW2qrjgUB/O7i15vvS3YRv49aV1Ny22uoYkWGJZ46y3wg6SWuMfHDOK2HIDMefToNRFhWCxcZJCqT5A7XmQ==

"@pixi/settings@6.1.2":
  version "6.1.2"
  resolved "https://registry.npmjs.org/@pixi/settings/-/settings-6.1.2.tgz#8c2086995616190c5b4e8902a7077b1d10d41931"
  integrity sha512-ZulDFSejh475/YOaTsYpOZNWKhfdN93FnojsaLYX4OXcuscF3Ncq4AE8wNwGFraMd0+ZZY9VXHdepU+rjIhF4g==
  dependencies:
    ismobilejs "^1.1.0"

"@pixi/sprite-animated@6.1.2":
  version "6.1.2"
  resolved "https://registry.npmjs.org/@pixi/sprite-animated/-/sprite-animated-6.1.2.tgz#4995eb61c440ffb07ac430c8a70282020b08e0df"
  integrity sha512-jriUtbIw1v0AB3sIObM1t7eAIPuB4gtokao6k09EURMepoCQJlYSKIq5FVlmLYU/zf1t7/f/dtpZ65UEKXDytw==

"@pixi/sprite-tiling@6.1.2":
  version "6.1.2"
  resolved "https://registry.npmjs.org/@pixi/sprite-tiling/-/sprite-tiling-6.1.2.tgz#730732fb3dd2cfd66c55b5c3e9ca9651b75d877d"
  integrity sha512-6tOlag2M+bn5aNPi/iyORY/IqB9Gfan5MnaG3HarfZdSlSwQH0yklDePBrG2DQ/X6Rmb94DJd0PxJdCujtFJTg==

"@pixi/sprite@6.1.2":
  version "6.1.2"
  resolved "https://registry.npmjs.org/@pixi/sprite/-/sprite-6.1.2.tgz#97ad5cd0821e1ee858d5cf2a23cde1a18a8646c3"
  integrity sha512-AzK2UW+VcZ+6sKW++9qokhSMFG35zSAOpRoWk5QgRhbVkdh2L0BB7nK5Z8PZgqmTGCzSq2NvVlzosryPWmLMNw==

"@pixi/spritesheet@6.1.2":
  version "6.1.2"
  resolved "https://registry.npmjs.org/@pixi/spritesheet/-/spritesheet-6.1.2.tgz#62ad46ab04cf8967410feb6f64652363e16f80ff"
  integrity sha512-PP+sChFaE8vK0PHwChKYeDuFSvYK+Eb6M+eX2pMt3MoXIurGvlrybexUTqTNubxQHWnoLqGIfqq1MWdjmGrs8A==

"@pixi/text-bitmap@6.1.2":
  version "6.1.2"
  resolved "https://registry.npmjs.org/@pixi/text-bitmap/-/text-bitmap-6.1.2.tgz#5053acde4b7a48acddc4d6a29ccbe783d80113e1"
  integrity sha512-QpvFC9izghqVo4zkj5mS6PmqKVtd8ArdapYxbxOVystE+gI8IKq7ZJgvvPuaj+9aqCUy20jiMPoLvfSyVGIhUg==

"@pixi/text@6.1.2":
  version "6.1.2"
  resolved "https://registry.npmjs.org/@pixi/text/-/text-6.1.2.tgz#b8ffd698dc012c284e552f7839c68d1166ba5826"
  integrity sha512-9JQ4hEanM946uMvjg4a7uIhnAoGYE6lyxwDUlHw4j/o+8jYN49STc64G+s9Rj7iRw76tudqM2ejphBE+rzC0XQ==

"@pixi/ticker@6.1.2":
  version "6.1.2"
  resolved "https://registry.npmjs.org/@pixi/ticker/-/ticker-6.1.2.tgz#c74b221111b09070244cbea35330aaf208f93f52"
  integrity sha512-E0S7wzcPPd+hOTghwZeozuXgMvKGa8Zg4+DhlkqBchHt2HDdDzxgy2ZbcyLczBBkuidEx+JRt+BUWBGv4hqZUA==

"@pixi/utils@6.1.2":
  version "6.1.2"
  resolved "https://registry.npmjs.org/@pixi/utils/-/utils-6.1.2.tgz#066b6ae03ed263f57891e8f8d63b1081c06dd9a1"
  integrity sha512-7lacouw8UPAQ0NbBbMEYOff/VRy0qVPV0VuAdKkmrlKu53n6NkocATnUGwdNOHmSNLMAgVu4e30ihwNORrRMAQ==
  dependencies:
    "@types/earcut" "^2.1.0"
    earcut "^2.2.2"
    eventemitter3 "^3.1.0"
    url "^0.11.0"

"@quamolit/phlox-utils@^0.0.1":
  version "0.0.1"
  resolved "https://registry.npmjs.org/@quamolit/phlox-utils/-/phlox-utils-0.0.1.tgz#65c5c83999f6256baa0e4fb2f7c164e97da0c122"
  integrity sha512-AezlsYPwk3yyhoujM/qbMlJ5iu5q5WtxLv34DAcHdZAy5WYoYYMu1OOZH1AzW8tVwbmcmM2wniILgs4rQnI+kg==

"@types/earcut@^2.1.0":
  version "2.1.1"
  resolved "https://registry.npmjs.org/@types/earcut/-/earcut-2.1.1.tgz#573a0af609f17005c751f6f4ffec49cfe358ea51"
  integrity sha512-w8oigUCDjElRHRRrMvn/spybSMyX8MTkKA5Dv+tS1IE/TgmNZPqUYtvYBXGY8cieSE66gm+szeK+bnbxC2xHTQ==

bottom-tip@^0.1.2:
  version "0.1.2"
  resolved "https://registry.npmjs.org/bottom-tip/-/bottom-tip-0.1.2.tgz#bcc352105918ab612943fcb23d52b6655c1f9eee"
  integrity sha512-dcSNWBje5i3rdAumhxHzUy2uIJ9aDbjjedmhcxXEfv4Gv1b/YTHyh7SBr/Wdy3N0XQRrLhDdOiSUEl9Sgi/4qg==
  dependencies:
    virtual-dom "^2.1.1"

browser-split@0.0.1:
  version "0.0.1"
  resolved "https://registry.npmjs.org/browser-split/-/browser-split-0.0.1.tgz#7b097574f8e3ead606fb4664e64adfdda2981a93"
  integrity sha1-ewl1dPjj6tYG+0Zk5krf3aKYGpM=

camelize@^1.0.0:
  version "1.0.0"
  resolved "https://registry.npmjs.org/camelize/-/camelize-1.0.0.tgz#164a5483e630fa4321e5af07020e531831b2609b"
  integrity sha1-FkpUg+Yw+kMh5a8HAg5TGDGyYJs=

colorette@^1.2.2:
  version "1.3.0"
  resolved "https://registry.npmjs.org/colorette/-/colorette-1.3.0.tgz#ff45d2f0edb244069d3b772adeb04fed38d0a0af"
  integrity sha512-ecORCqbSFP7Wm8Y6lyqMJjexBQqXSF7SSeaTyGGphogUjBlFP9m9o08wy86HL2uB7fMTxtOUzLMk7ogKcxMg1w==

dom-walk@^0.1.0:
  version "0.1.2"
  resolved "https://registry.npmjs.org/dom-walk/-/dom-walk-0.1.2.tgz#0c548bef048f4d1f2a97249002236060daa3fd84"
  integrity sha512-6QvTW9mrGeIegrFXdtQi9pk7O/nSK6lSdXW2eqUspN5LWD7UTji2Fqw5V2YLjBpHEoU9Xl/eUWNpDeZvoyOv2w==

earcut@^2.2.2:
  version "2.2.3"
  resolved "https://registry.npmjs.org/earcut/-/earcut-2.2.3.tgz#d44ced2ff5a18859568e327dd9c7d46b16f55cf4"
  integrity sha512-iRDI1QeCQIhMCZk48DRDMVgQSSBDmbzzNhnxIo+pwx3swkfjMh6vh0nWLq1NdvGHLKH6wIrAM3vQWeTj6qeoug==

error@^4.3.0:
  version "4.4.0"
  resolved "https://registry.npmjs.org/error/-/error-4.4.0.tgz#bf69ff251fb4a279c19adccdaa6b61e90d9bf12a"
  integrity sha1-v2n/JR+0onnBmtzNqmth6Q2b8So=
  dependencies:
    camelize "^1.0.0"
    string-template "~0.2.0"
    xtend "~4.0.0"

esbuild@^0.12.17:
  version "0.12.22"
  resolved "https://registry.npmjs.org/esbuild/-/esbuild-0.12.22.tgz#6031a1257b8d0307d306bed673b79c3668607f51"
  integrity sha512-yWCr9RoFehpqoe/+MwZXJpYOEIt7KOEvNnjIeMZpMSyQt+KCBASM3y7yViiN5dJRphf1wGdUz1+M4rTtWd/ulA==

ev-store@^7.0.0:
  version "7.0.0"
  resolved "https://registry.npmjs.org/ev-store/-/ev-store-7.0.0.tgz#1ab0c7f82136505dd74b31d17701cb2be6d26558"
  integrity sha1-GrDH+CE2UF3XSzHRdwHLK+bSZVg=
  dependencies:
    individual "^3.0.0"

eventemitter3@^3.1.0:
  version "3.1.2"
  resolved "https://registry.npm.taobao.org/eventemitter3/download/eventemitter3-3.1.2.tgz#2d3d48f9c346698fce83a85d7d664e98535df6e7"
  integrity sha1-LT1I+cNGaY/Og6hdfWZOmFNd9uc=

fontfaceobserver-es@^3.3.3:
  version "3.3.3"
  resolved "https://registry.npmjs.org/fontfaceobserver-es/-/fontfaceobserver-es-3.3.3.tgz#b8fa6b774592c53d4ff98b031f97f15f9bdc4d83"
  integrity sha512-1EyweL1ryy0koZWk80Kr0UgWq9KhbOl2cD6x1O8BtFu0gNqCWIXK1lVFSUb37DI5FMn1m86I6X7N1JRBy8wVfw==

fsevents@~2.3.2:
  version "2.3.2"
  resolved "https://registry.npmjs.org/fsevents/-/fsevents-2.3.2.tgz#8a526f78b8fdf4623b709e0b975c52c24c02fd1a"
  integrity sha512-xiqMQR4xAeHTuB9uWm+fFRcIOgKBMiOBP+eXiyT7jsgVCq1bkVygt00oASowB7EdtpOHaaPgKt812P9ab+DDKA==

function-bind@^1.1.1:
  version "1.1.1"
  resolved "https://registry.npmjs.org/function-bind/-/function-bind-1.1.1.tgz#a56899d3ea3c9bab874bb9773b7c5ede92f4895d"
  integrity sha512-yIovAzMX49sF8Yl58fSCWJ5svSLuaibPxXQJFLmBObTuCr0Mf1KiPopGM9NiFjiYBCbfaa2Fh6breQ6ANVTI0A==

global@^4.3.0:
  version "4.4.0"
  resolved "https://registry.npmjs.org/global/-/global-4.4.0.tgz#3e7b105179006a323ed71aafca3e9c57a5cc6406"
  integrity sha512-wv/LAoHdRE3BeTGz53FAamhGlPLhlssK45usmGFThIi4XqnBmjKQ16u+RNbP7WvigRZDxUsM0J3gcQ5yicaL0w==
  dependencies:
    min-document "^2.19.0"
    process "^0.11.10"

has@^1.0.3:
  version "1.0.3"
  resolved "https://registry.npmjs.org/has/-/has-1.0.3.tgz#722d7cbfc1f6aa8241f16dd814e011e1f41e8796"
  integrity sha512-f2dvO0VU6Oej7RkWJGrehjbzMAjFp5/VKPp5tTpWIV4JHHZK1/BxbFRtf/siA2SWTe09caDmVtYYzWEIbBS4zw==
  dependencies:
    function-bind "^1.1.1"

individual@^3.0.0:
  version "3.0.0"
  resolved "https://registry.npmjs.org/individual/-/individual-3.0.0.tgz#e7ca4f85f8957b018734f285750dc22ec2f9862d"
  integrity sha1-58pPhfiVewGHNPKFdQ3CLsL5hi0=

is-core-module@^2.2.0:
  version "2.6.0"
  resolved "https://registry.npmjs.org/is-core-module/-/is-core-module-2.6.0.tgz#d7553b2526fe59b92ba3e40c8df757ec8a709e19"
  integrity sha512-wShG8vs60jKfPWpF2KZRaAtvt3a20OAn7+IJ6hLPECpSABLcKtFKTTI4ZtH5QcBruBHlq+WsdHWyz0BCZW7svQ==
  dependencies:
    has "^1.0.3"

is-object@^1.0.1:
  version "1.0.2"
  resolved "https://registry.npmjs.org/is-object/-/is-object-1.0.2.tgz#a56552e1c665c9e950b4a025461da87e72f86fcf"
  integrity sha512-2rRIahhZr2UWb45fIOuvZGpFtz0TyOZLf32KxBbSoUCeZR495zCKlWUKKUByk3geS2eAs7ZAABt0Y/Rx0GiQGA==

ismobilejs@^1.1.0:
  version "1.1.1"
  resolved "https://registry.npmjs.org/ismobilejs/-/ismobilejs-1.1.1.tgz#c56ca0ae8e52b24ca0f22ba5ef3215a2ddbbaa0e"
  integrity sha512-VaFW53yt8QO61k2WJui0dHf4SlL8lxBofUuUmwBo0ljPk0Drz2TiuDW4jo3wDcv41qy/SxrJ+VAzJ/qYqsmzRw==

min-document@^2.19.0:
  version "2.19.0"
  resolved "https://registry.npmjs.org/min-document/-/min-document-2.19.0.tgz#7bd282e3f5842ed295bb748cdd9f1ffa2c824685"
  integrity sha1-e9KC4/WELtKVu3SM3Z8f+iyCRoU=
  dependencies:
    dom-walk "^0.1.0"

nanoid@^2.1.0:
  version "2.1.11"
  resolved "https://registry.npm.taobao.org/nanoid/download/nanoid-2.1.11.tgz#ec24b8a758d591561531b4176a01e3ab4f0f0280"
  integrity sha1-7CS4p1jVkVYVMbQXagHjq08PAoA=

nanoid@^3.1.23:
  version "3.1.25"
  resolved "https://registry.npmjs.org/nanoid/-/nanoid-3.1.25.tgz#09ca32747c0e543f0e1814b7d3793477f9c8e152"
  integrity sha512-rdwtIXaXCLFAQbnfqDRnI6jaRHp9fTcYBjtFKE8eezcZ7LuLjhUaQGNeMXf1HmRoCH32CLz6XwX0TtxEOS/A3Q==

next-tick@^0.2.2:
  version "0.2.2"
  resolved "https://registry.npmjs.org/next-tick/-/next-tick-0.2.2.tgz#75da4a927ee5887e39065880065b7336413b310d"
  integrity sha1-ddpKkn7liH45BliABltzNkE7MQ0=

object-assign@^4.1.1:
  version "4.1.1"
  resolved "https://registry.npm.taobao.org/object-assign/download/object-assign-4.1.1.tgz#2109adc7965887cfc05cbbd442cac8bfbb360863"
  integrity sha1-IQmtx5ZYh8/AXLvUQsrIv7s2CGM=

path-parse@^1.0.6:
  version "1.0.7"
  resolved "https://registry.npmjs.org/path-parse/-/path-parse-1.0.7.tgz#fbc114b60ca42b30d9daf5858e4bd68bbedb6735"
  integrity sha512-LDJzPVEEEPR+y48z93A0Ed0yXb8pAByGWo/k5YYdYgpY2/2EsOsksJrq7lOHxryrVOn1ejG6oAp8ahvOIQD8sw==

pixi.js@6.1.2:
  version "6.1.2"
  resolved "https://registry.npmjs.org/pixi.js/-/pixi.js-6.1.2.tgz#f66521eb324baeed714e21dd2fa751bf5a362e72"
  integrity sha512-i6MWxeRtgGGIEa58KXHG2/1QZmFxrkmieQMtr5+Bs5Eje5vBaQqmmBcysnSTpYuIlxGnmXXmawf/9cd4aFNTCA==
  dependencies:
    "@pixi/accessibility" "6.1.2"
    "@pixi/app" "6.1.2"
    "@pixi/compressed-textures" "6.1.2"
    "@pixi/constants" "6.1.2"
    "@pixi/core" "6.1.2"
    "@pixi/display" "6.1.2"
    "@pixi/extract" "6.1.2"
    "@pixi/filter-alpha" "6.1.2"
    "@pixi/filter-blur" "6.1.2"
    "@pixi/filter-color-matrix" "6.1.2"
    "@pixi/filter-displacement" "6.1.2"
    "@pixi/filter-fxaa" "6.1.2"
    "@pixi/filter-noise" "6.1.2"
    "@pixi/graphics" "6.1.2"
    "@pixi/interaction" "6.1.2"
    "@pixi/loaders" "6.1.2"
    "@pixi/math" "6.1.2"
    "@pixi/mesh" "6.1.2"
    "@pixi/mesh-extras" "6.1.2"
    "@pixi/mixin-cache-as-bitmap" "6.1.2"
    "@pixi/mixin-get-child-by-name" "6.1.2"
    "@pixi/mixin-get-global-position" "6.1.2"
    "@pixi/particle-container" "6.1.2"
    "@pixi/polyfill" "6.1.2"
    "@pixi/prepare" "6.1.2"
    "@pixi/runner" "6.1.2"
    "@pixi/settings" "6.1.2"
    "@pixi/sprite" "6.1.2"
    "@pixi/sprite-animated" "6.1.2"
    "@pixi/sprite-tiling" "6.1.2"
    "@pixi/spritesheet" "6.1.2"
    "@pixi/text" "6.1.2"
    "@pixi/text-bitmap" "6.1.2"
    "@pixi/ticker" "6.1.2"
    "@pixi/utils" "6.1.2"

postcss@^8.3.6:
  version "8.3.6"
  resolved "https://registry.npmjs.org/postcss/-/postcss-8.3.6.tgz#2730dd76a97969f37f53b9a6096197be311cc4ea"
  integrity sha512-wG1cc/JhRgdqB6WHEuyLTedf3KIRuD0hG6ldkFEZNCjRxiC+3i6kkWUUbiJQayP28iwG35cEmAbe98585BYV0A==
  dependencies:
    colorette "^1.2.2"
    nanoid "^3.1.23"
    source-map-js "^0.6.2"

process@^0.11.10:
  version "0.11.10"
  resolved "https://registry.npm.taobao.org/process/download/process-0.11.10.tgz#7332300e840161bda3e69a1d1d91a7d4bc16f182"
  integrity sha1-czIwDoQBYb2j5podHZGn1LwW8YI=

promise-polyfill@^8.2.0:
  version "8.2.0"
  resolved "https://registry.npmjs.org/promise-polyfill/-/promise-polyfill-8.2.0.tgz#367394726da7561457aba2133c9ceefbd6267da0"
  integrity sha512-k/TC0mIcPVF6yHhUvwAp7cvL6I2fFV7TzF1DuGPI8mBh4QQazf36xCKEHKTZKRysEoTQoQdKyP25J8MPJp7j5g==

punycode@1.3.2:
  version "1.3.2"
  resolved "https://registry.npm.taobao.org/punycode/download/punycode-1.3.2.tgz#9653a036fb7c1ee42342f2325cceefea3926c48d"
  integrity sha1-llOgNvt8HuQjQvIyXM7v6jkmxI0=

querystring@0.2.0:
  version "0.2.0"
  resolved "https://registry.npm.taobao.org/querystring/download/querystring-0.2.0.tgz#b209849203bb25df820da756e747005878521620"
  integrity sha1-sgmEkgO7Jd+CDadW50cAWHhSFiA=

resolve@^1.20.0:
  version "1.20.0"
  resolved "https://registry.npmjs.org/resolve/-/resolve-1.20.0.tgz#629a013fb3f70755d6f0b7935cc1c2c5378b1975"
  integrity sha512-wENBPt4ySzg4ybFQW2TT1zMQucPK95HSh/nq2CFTZVOGut2+pQvSsgtda4d26YrYcr067wjbmzOG8byDPBX63A==
  dependencies:
    is-core-module "^2.2.0"
    path-parse "^1.0.6"

rollup@^2.38.5:
  version "2.56.2"
  resolved "https://registry.npmjs.org/rollup/-/rollup-2.56.2.tgz#a045ff3f6af53ee009b5f5016ca3da0329e5470f"
  integrity sha512-s8H00ZsRi29M2/lGdm1u8DJpJ9ML8SUOpVVBd33XNeEeL3NVaTiUcSBHzBdF3eAyR0l7VSpsuoVUGrRHq7aPwQ==
  optionalDependencies:
    fsevents "~2.3.2"

shortid@^2.2.16:
  version "2.2.16"
  resolved "https://registry.npmjs.org/shortid/-/shortid-2.2.16.tgz#b742b8f0cb96406fd391c76bfc18a67a57fe5608"
  integrity sha512-Ugt+GIZqvGXCIItnsL+lvFJOiN7RYqlGy7QE41O3YC1xbNSeDGIRO7xg2JJXIAj1cAGnOeC1r7/T9pgrtQbv4g==
  dependencies:
    nanoid "^2.1.0"

source-map-js@^0.6.2:
  version "0.6.2"
  resolved "https://registry.npmjs.org/source-map-js/-/source-map-js-0.6.2.tgz#0bb5de631b41cfbda6cfba8bd05a80efdfd2385e"
  integrity sha512-/3GptzWzu0+0MBQFrDKzw/DvvMTUORvgY6k6jd/VS6iCR4RDTKWH6v6WPwQoUO8667uQEf9Oe38DxAYWY5F/Ug==

string-template@~0.2.0:
  version "0.2.1"
  resolved "https://registry.npmjs.org/string-template/-/string-template-0.2.1.tgz#42932e598a352d01fc22ec3367d9d84eec6c9add"
  integrity sha1-QpMuWYo1LQH8IuwzZ9nYTuxsmt0=

url@^0.11.0:
  version "0.11.0"
  resolved "https://registry.npm.taobao.org/url/download/url-0.11.0.tgz#3838e97cfc60521eb73c525a8e55bfdd9e2e28f1"
  integrity sha1-ODjpfPxgUh63PFJajlW/3Z4uKPE=
  dependencies:
    punycode "1.3.2"
    querystring "0.2.0"

virtual-dom@^2.1.1:
  version "2.1.1"
  resolved "https://registry.npmjs.org/virtual-dom/-/virtual-dom-2.1.1.tgz#80eda2d481b9ede0c049118cefcb4a05f21d1375"
  integrity sha1-gO2i1IG57eDASRGM78tKBfIdE3U=
  dependencies:
    browser-split "0.0.1"
    error "^4.3.0"
    ev-store "^7.0.0"
    global "^4.3.0"
    is-object "^1.0.1"
    next-tick "^0.2.2"
    x-is-array "0.1.0"
    x-is-string "0.1.0"

vite@^2.5.0:
  version "2.5.0"
  resolved "https://registry.npmjs.org/vite/-/vite-2.5.0.tgz#111ba3679432d426e44566acf480005a7914cbd6"
  integrity sha512-Dn4B+g54PJsMG5WCc4QeFy1ygMXRdTtFrUPegqfk4+vzVQcbF/DqqmI/1bxezArzbujBJg/67QeT5wz8edfJVQ==
  dependencies:
    esbuild "^0.12.17"
    postcss "^8.3.6"
    resolve "^1.20.0"
    rollup "^2.38.5"
  optionalDependencies:
    fsevents "~2.3.2"

x-is-array@0.1.0:
  version "0.1.0"
  resolved "https://registry.npmjs.org/x-is-array/-/x-is-array-0.1.0.tgz#de520171d47b3f416f5587d629b89d26b12dc29d"
  integrity sha1-3lIBcdR7P0FvVYfWKbidJrEtwp0=

x-is-string@0.1.0:
  version "0.1.0"
  resolved "https://registry.npmjs.org/x-is-string/-/x-is-string-0.1.0.tgz#474b50865af3a49a9c4657f05acd145458f77d82"
  integrity sha1-R0tQhlrzpJqcRlfwWs0UVFj3fYI=

xtend@~4.0.0:
  version "4.0.2"
  resolved "https://registry.npmjs.org/xtend/-/xtend-4.0.2.tgz#bb72779f5fa465186b1f438f674fa347fdb5db54"
  integrity sha512-LKYU1iAXJXUgAXn9URjiu+MWhyUXHsvfp7mcuYm9dSUKK0/CjtrUwFAxD82/mCWbtLsGjFIad0wIsod4zrTAEQ==
