# THIS IS AN AUTOGENERATED FILE. DO NOT EDIT THIS FILE DIRECTLY.
# yarn lockfile v1


"@calcit/procs@^0.6.24":
  version "0.6.24"
  resolved "https://registry.yarnpkg.com/@calcit/procs/-/procs-0.6.24.tgz#2cfa35bb0e333da1f8036afe6d59e0774d4d10c8"
  integrity sha512-cOXZXG/RtupozDGD0TdjAF7ELCR1p1Z7P0SA2DM58njHd01ezsy1XlaIopt5Mc0daOxrkvzixzmDgc8BLsab8g==
  dependencies:
    "@calcit/ternary-tree" "0.0.19"
    "@cirru/parser.ts" "^0.0.6"
    "@cirru/writer.ts" "^0.1.3"

"@calcit/ternary-tree@0.0.19":
  version "0.0.19"
  resolved "https://registry.yarnpkg.com/@calcit/ternary-tree/-/ternary-tree-0.0.19.tgz#b5b33a3d07a9e603feeef7cd642958c83628122f"
  integrity sha512-dn2kNlcOQOPtCAeE68MHcRgrZzRP+jNKBmDW2wO0S8HTUA2SeAbpzZoK0HfcTHFmlGl6yKpjZ95rICQ319AjcA==

"@cirru/parser.ts@^0.0.6":
  version "0.0.6"
  resolved "https://registry.yarnpkg.com/@cirru/parser.ts/-/parser.ts-0.0.6.tgz#b95a84e02273fcbd71ff100925782b6f86410234"
  integrity sha512-qpDNPq+IuuwYjQFI+wzpd3ntbF7lwJs90v1XWyLQbL9Ru4ld4aHxVGwW/9F/QOu5mEGCMXtagCoYDf0HtOpDZg==

"@cirru/writer.ts@^0.1.3":
  version "0.1.3"
  resolved "https://registry.yarnpkg.com/@cirru/writer.ts/-/writer.ts-0.1.3.tgz#5f54bdecaa20ba3dab16cbe6da711854138a9c0a"
  integrity sha512-vJnhmhm7we5UfQIwmZfQpF3bAFbVybzT6LbmkbQHxgijaQg3gPfNVsnSIa3g3KpmWVtvkzEx+nUy5aMwsJiV1A==

"@esbuild/android-arm64@0.16.17":
  version "0.16.17"
  resolved "https://registry.yarnpkg.com/@esbuild/android-arm64/-/android-arm64-0.16.17.tgz#cf91e86df127aa3d141744edafcba0abdc577d23"
  integrity sha512-MIGl6p5sc3RDTLLkYL1MyL8BMRN4tLMRCn+yRJJmEDvYZ2M7tmAf80hx1kbNEUX2KJ50RRtxZ4JHLvCfuB6kBg==

"@esbuild/android-arm@0.16.17":
  version "0.16.17"
  resolved "https://registry.yarnpkg.com/@esbuild/android-arm/-/android-arm-0.16.17.tgz#025b6246d3f68b7bbaa97069144fb5fb70f2fff2"
  integrity sha512-N9x1CMXVhtWEAMS7pNNONyA14f71VPQN9Cnavj1XQh6T7bskqiLLrSca4O0Vr8Wdcga943eThxnVp3JLnBMYtw==

"@esbuild/android-x64@0.16.17":
  version "0.16.17"
  resolved "https://registry.yarnpkg.com/@esbuild/android-x64/-/android-x64-0.16.17.tgz#c820e0fef982f99a85c4b8bfdd582835f04cd96e"
  integrity sha512-a3kTv3m0Ghh4z1DaFEuEDfz3OLONKuFvI4Xqczqx4BqLyuFaFkuaG4j2MtA6fuWEFeC5x9IvqnX7drmRq/fyAQ==

"@esbuild/darwin-arm64@0.16.17":
  version "0.16.17"
  resolved "https://registry.yarnpkg.com/@esbuild/darwin-arm64/-/darwin-arm64-0.16.17.tgz#edef4487af6b21afabba7be5132c26d22379b220"
  integrity sha512-/2agbUEfmxWHi9ARTX6OQ/KgXnOWfsNlTeLcoV7HSuSTv63E4DqtAc+2XqGw1KHxKMHGZgbVCZge7HXWX9Vn+w==

"@esbuild/darwin-x64@0.16.17":
  version "0.16.17"
  resolved "https://registry.yarnpkg.com/@esbuild/darwin-x64/-/darwin-x64-0.16.17.tgz#42829168730071c41ef0d028d8319eea0e2904b4"
  integrity sha512-2By45OBHulkd9Svy5IOCZt376Aa2oOkiE9QWUK9fe6Tb+WDr8hXL3dpqi+DeLiMed8tVXspzsTAvd0jUl96wmg==

"@esbuild/freebsd-arm64@0.16.17":
  version "0.16.17"
  resolved "https://registry.yarnpkg.com/@esbuild/freebsd-arm64/-/freebsd-arm64-0.16.17.tgz#1f4af488bfc7e9ced04207034d398e793b570a27"
  integrity sha512-mt+cxZe1tVx489VTb4mBAOo2aKSnJ33L9fr25JXpqQqzbUIw/yzIzi+NHwAXK2qYV1lEFp4OoVeThGjUbmWmdw==

"@esbuild/freebsd-x64@0.16.17":
  version "0.16.17"
  resolved "https://registry.yarnpkg.com/@esbuild/freebsd-x64/-/freebsd-x64-0.16.17.tgz#636306f19e9bc981e06aa1d777302dad8fddaf72"
  integrity sha512-8ScTdNJl5idAKjH8zGAsN7RuWcyHG3BAvMNpKOBaqqR7EbUhhVHOqXRdL7oZvz8WNHL2pr5+eIT5c65kA6NHug==

"@esbuild/linux-arm64@0.16.17":
  version "0.16.17"
  resolved "https://registry.yarnpkg.com/@esbuild/linux-arm64/-/linux-arm64-0.16.17.tgz#a003f7ff237c501e095d4f3a09e58fc7b25a4aca"
  integrity sha512-7S8gJnSlqKGVJunnMCrXHU9Q8Q/tQIxk/xL8BqAP64wchPCTzuM6W3Ra8cIa1HIflAvDnNOt2jaL17vaW+1V0g==

"@esbuild/linux-arm@0.16.17":
  version "0.16.17"
  resolved "https://registry.yarnpkg.com/@esbuild/linux-arm/-/linux-arm-0.16.17.tgz#b591e6a59d9c4fe0eeadd4874b157ab78cf5f196"
  integrity sha512-iihzrWbD4gIT7j3caMzKb/RsFFHCwqqbrbH9SqUSRrdXkXaygSZCZg1FybsZz57Ju7N/SHEgPyaR0LZ8Zbe9gQ==

"@esbuild/linux-ia32@0.16.17":
  version "0.16.17"
  resolved "https://registry.yarnpkg.com/@esbuild/linux-ia32/-/linux-ia32-0.16.17.tgz#24333a11027ef46a18f57019450a5188918e2a54"
  integrity sha512-kiX69+wcPAdgl3Lonh1VI7MBr16nktEvOfViszBSxygRQqSpzv7BffMKRPMFwzeJGPxcio0pdD3kYQGpqQ2SSg==

"@esbuild/linux-loong64@0.16.17":
  version "0.16.17"
  resolved "https://registry.yarnpkg.com/@esbuild/linux-loong64/-/linux-loong64-0.16.17.tgz#d5ad459d41ed42bbd4d005256b31882ec52227d8"
  integrity sha512-dTzNnQwembNDhd654cA4QhbS9uDdXC3TKqMJjgOWsC0yNCbpzfWoXdZvp0mY7HU6nzk5E0zpRGGx3qoQg8T2DQ==

"@esbuild/linux-mips64el@0.16.17":
  version "0.16.17"
  resolved "https://registry.yarnpkg.com/@esbuild/linux-mips64el/-/linux-mips64el-0.16.17.tgz#4e5967a665c38360b0a8205594377d4dcf9c3726"
  integrity sha512-ezbDkp2nDl0PfIUn0CsQ30kxfcLTlcx4Foz2kYv8qdC6ia2oX5Q3E/8m6lq84Dj/6b0FrkgD582fJMIfHhJfSw==

"@esbuild/linux-ppc64@0.16.17":
  version "0.16.17"
  resolved "https://registry.yarnpkg.com/@esbuild/linux-ppc64/-/linux-ppc64-0.16.17.tgz#206443a02eb568f9fdf0b438fbd47d26e735afc8"
  integrity sha512-dzS678gYD1lJsW73zrFhDApLVdM3cUF2MvAa1D8K8KtcSKdLBPP4zZSLy6LFZ0jYqQdQ29bjAHJDgz0rVbLB3g==

"@esbuild/linux-riscv64@0.16.17":
  version "0.16.17"
  resolved "https://registry.yarnpkg.com/@esbuild/linux-riscv64/-/linux-riscv64-0.16.17.tgz#c351e433d009bf256e798ad048152c8d76da2fc9"
  integrity sha512-ylNlVsxuFjZK8DQtNUwiMskh6nT0vI7kYl/4fZgV1llP5d6+HIeL/vmmm3jpuoo8+NuXjQVZxmKuhDApK0/cKw==

"@esbuild/linux-s390x@0.16.17":
  version "0.16.17"
  resolved "https://registry.yarnpkg.com/@esbuild/linux-s390x/-/linux-s390x-0.16.17.tgz#661f271e5d59615b84b6801d1c2123ad13d9bd87"
  integrity sha512-gzy7nUTO4UA4oZ2wAMXPNBGTzZFP7mss3aKR2hH+/4UUkCOyqmjXiKpzGrY2TlEUhbbejzXVKKGazYcQTZWA/w==

"@esbuild/linux-x64@0.16.17":
  version "0.16.17"
  resolved "https://registry.yarnpkg.com/@esbuild/linux-x64/-/linux-x64-0.16.17.tgz#e4ba18e8b149a89c982351443a377c723762b85f"
  integrity sha512-mdPjPxfnmoqhgpiEArqi4egmBAMYvaObgn4poorpUaqmvzzbvqbowRllQ+ZgzGVMGKaPkqUmPDOOFQRUFDmeUw==

"@esbuild/netbsd-x64@0.16.17":
  version "0.16.17"
  resolved "https://registry.yarnpkg.com/@esbuild/netbsd-x64/-/netbsd-x64-0.16.17.tgz#7d4f4041e30c5c07dd24ffa295c73f06038ec775"
  integrity sha512-/PzmzD/zyAeTUsduZa32bn0ORug+Jd1EGGAUJvqfeixoEISYpGnAezN6lnJoskauoai0Jrs+XSyvDhppCPoKOA==

"@esbuild/openbsd-x64@0.16.17":
  version "0.16.17"
  resolved "https://registry.yarnpkg.com/@esbuild/openbsd-x64/-/openbsd-x64-0.16.17.tgz#970fa7f8470681f3e6b1db0cc421a4af8060ec35"
  integrity sha512-2yaWJhvxGEz2RiftSk0UObqJa/b+rIAjnODJgv2GbGGpRwAfpgzyrg1WLK8rqA24mfZa9GvpjLcBBg8JHkoodg==

"@esbuild/sunos-x64@0.16.17":
  version "0.16.17"
  resolved "https://registry.yarnpkg.com/@esbuild/sunos-x64/-/sunos-x64-0.16.17.tgz#abc60e7c4abf8b89fb7a4fe69a1484132238022c"
  integrity sha512-xtVUiev38tN0R3g8VhRfN7Zl42YCJvyBhRKw1RJjwE1d2emWTVToPLNEQj/5Qxc6lVFATDiy6LjVHYhIPrLxzw==

"@esbuild/win32-arm64@0.16.17":
  version "0.16.17"
  resolved "https://registry.yarnpkg.com/@esbuild/win32-arm64/-/win32-arm64-0.16.17.tgz#7b0ff9e8c3265537a7a7b1fd9a24e7bd39fcd87a"
  integrity sha512-ga8+JqBDHY4b6fQAmOgtJJue36scANy4l/rL97W+0wYmijhxKetzZdKOJI7olaBaMhWt8Pac2McJdZLxXWUEQw==

"@esbuild/win32-ia32@0.16.17":
  version "0.16.17"
  resolved "https://registry.yarnpkg.com/@esbuild/win32-ia32/-/win32-ia32-0.16.17.tgz#e90fe5267d71a7b7567afdc403dfd198c292eb09"
  integrity sha512-WnsKaf46uSSF/sZhwnqE4L/F89AYNMiD4YtEcYekBt9Q7nj0DiId2XH2Ng2PHM54qi5oPrQ8luuzGszqi/veig==

"@esbuild/win32-x64@0.16.17":
  version "0.16.17"
  resolved "https://registry.yarnpkg.com/@esbuild/win32-x64/-/win32-x64-0.16.17.tgz#c5a1a4bfe1b57f0c3e61b29883525c6da3e5c091"
  integrity sha512-y+EHuSchhL7FjHgvQL/0fnnFmO4T1bhvWANX6gcnqTjtnKWbTvUMCpGnv2+t+31d7RzyEAYAd4u2fnIhHL6N/Q==

"@pixi/accessibility@7.1.4":
  version "7.1.4"
  resolved "https://registry.yarnpkg.com/@pixi/accessibility/-/accessibility-7.1.4.tgz#c6c5ac9ce49214c287e878e36666a2bd9756b0f1"
  integrity sha512-F0hge+UE200uu3Sk8MJtKhJ2eisZ/mkZMmUO/8ZTmj9wXRbp8qGDrlmEX/UbwBYUrdXG9cCrFZ+XXHA/Aq5fxg==

"@pixi/app@7.1.4":
  version "7.1.4"
  resolved "https://registry.yarnpkg.com/@pixi/app/-/app-7.1.4.tgz#1d9931560170e0524dd76d42b6711528627f1f65"
  integrity sha512-zUZeRnuUS+94ynCpYGaZHBZjUqpKITk7Zz196RY6F6pRs5ycZTmtA+ChnU45N0xg11rsyT2Qam3ogdL2SjkNpw==

"@pixi/assets@7.1.4":
  version "7.1.4"
  resolved "https://registry.yarnpkg.com/@pixi/assets/-/assets-7.1.4.tgz#1ddd7f462f32174220b0046ed8b8102cf30ff13c"
  integrity sha512-lRrTOyd8d4+vl4nqz7C7rjnfwcgOGrIjNg7KDm1ntKB7QeTLAf0CbtWbgy3MFPnos0qvYLZwGai6I+bcW6NzxA==
  dependencies:
    "@types/css-font-loading-module" "^0.0.7"

"@pixi/compressed-textures@7.1.4":
  version "7.1.4"
  resolved "https://registry.yarnpkg.com/@pixi/compressed-textures/-/compressed-textures-7.1.4.tgz#e1c722fa28dffbb72b8ff4417d1e103879227777"
  integrity sha512-tiolPtyOZmtZIXcC3DvNUzuAtmKpqL6LPm3craPkPUEm07Ma1IY0Xf17i2trLu8PeWpl0rcc6iW+/Nukusqa2A==

"@pixi/constants@7.1.4":
  version "7.1.4"
  resolved "https://registry.yarnpkg.com/@pixi/constants/-/constants-7.1.4.tgz#d37b1b5c53c38965aa138660d7623a3344872858"
  integrity sha512-mSXWnpNQ9h73RMHZoavmHHVnLprLhrWZnJtt0jqF0e4i7nVfU6WGB9wHfhk29TI9MWcZ487qHgdLHpDgUaulSw==

"@pixi/core@7.1.4":
  version "7.1.4"
  resolved "https://registry.yarnpkg.com/@pixi/core/-/core-7.1.4.tgz#a7d194b56dcf6cba47be42857dd9a49ac580f91d"
  integrity sha512-0QBVJK00qaqd5bf+Wv6pwTjGkwYuxjS/kbhyacuGM23XyoMr6Xqaa4jZiy7g5Ug3iW7HFALAPDnjyyzeeeTRsQ==
  dependencies:
    "@pixi/constants" "7.1.4"
    "@pixi/extensions" "7.1.4"
    "@pixi/math" "7.1.4"
    "@pixi/runner" "7.1.4"
    "@pixi/settings" "7.1.4"
    "@pixi/ticker" "7.1.4"
    "@pixi/utils" "7.1.4"
    "@types/offscreencanvas" "^2019.6.4"

"@pixi/display@7.1.4":
  version "7.1.4"
  resolved "https://registry.yarnpkg.com/@pixi/display/-/display-7.1.4.tgz#12811d5b02b1a2b05d51cecb643eb6caf0a258d0"
  integrity sha512-vdRvydZZp0HXQuJF9A6GPoV+D4ya3775cB1TxLC5/7Wtgvjo/LuZjfpaYXU7Or4HZ5mu5LaUAmAQ71fiwrZOXg==

"@pixi/events@7.1.4":
  version "7.1.4"
  resolved "https://registry.yarnpkg.com/@pixi/events/-/events-7.1.4.tgz#1e6c1a4301e7761a21cfe0eaf1e282213aba6c44"
  integrity sha512-VbmFeMMHOquFl+mTx2UbPSZwpUJMBW7IdjbywFFE01YmEsRcom8TgUzw+hJGBilkp50KSWKEvlOJmjxuY/XMUg==

"@pixi/extensions@7.1.4":
  version "7.1.4"
  resolved "https://registry.yarnpkg.com/@pixi/extensions/-/extensions-7.1.4.tgz#2a85df50e5a334c6c0d3ce519b9485b6a71304f2"
  integrity sha512-slyfaLfV+LwPeFpJsRuDThHFH6jJLe5I/v+y381YJtA8CanxdQZt2JeA0wCJDIj3/FrZ73IrTbpiW6sw4f2Fmg==

"@pixi/extract@7.1.4":
  version "7.1.4"
  resolved "https://registry.yarnpkg.com/@pixi/extract/-/extract-7.1.4.tgz#fe3b67354a7010fa8006aa6024f26eca804e0aff"
  integrity sha512-r5CjOq4kM+yxd+8NMpgwxN6kXMAByNtwmM2dHyKUqKg+a+xfC5BqBa9wOpmO6cXJq7zzb1+zZxzryIsGa2H2GQ==

"@pixi/filter-alpha@7.1.4":
  version "7.1.4"
  resolved "https://registry.yarnpkg.com/@pixi/filter-alpha/-/filter-alpha-7.1.4.tgz#5e5fa204411059adfbf126c33f24e8215ebec184"
  integrity sha512-H1cLuZGrXw5asm1ywgb+3M3xyC1IoHPUBCw+f9CZlEKSAivWlez6BWAvjD4OK9v248TzQQ24A8XluUcYFAex3w==

"@pixi/filter-blur@7.1.4":
  version "7.1.4"
  resolved "https://registry.yarnpkg.com/@pixi/filter-blur/-/filter-blur-7.1.4.tgz#6747495a3451bed33724f43a283cef8d1b5a15a4"
  integrity sha512-VXyuDsMKXnCnbBo+YEPYBEjfFiuoSwmpOxD6Thb6sNc0pRYW4Nbd59oZqb3lOee6I1+np6fnA+U9SV5bIt0PEQ==

"@pixi/filter-color-matrix@7.1.4":
  version "7.1.4"
  resolved "https://registry.yarnpkg.com/@pixi/filter-color-matrix/-/filter-color-matrix-7.1.4.tgz#d4572704d467034748a744035a5f043b8757fbfd"
  integrity sha512-TGZysSqqmOQaRPyTsOAiJi6RDOMes9wAy9eR7/P2eiaXyBS1IgK33qqfZTyTyOtZrEs5jyStl2Wx7WaOV5ilnQ==

"@pixi/filter-displacement@7.1.4":
  version "7.1.4"
  resolved "https://registry.yarnpkg.com/@pixi/filter-displacement/-/filter-displacement-7.1.4.tgz#ed224277c3b4b55a3b2da883626d77b19f330a1c"
  integrity sha512-nr6UhJ5b0YbfsKrgHiD5ZAMcCxp3of6pq0w0duw5XtEGi16O4lAu6tC1FU06C2LLxW49R2aoAVKiX8h+otHmwA==

"@pixi/filter-fxaa@7.1.4":
  version "7.1.4"
  resolved "https://registry.yarnpkg.com/@pixi/filter-fxaa/-/filter-fxaa-7.1.4.tgz#8eb14542624b22350862daa588363599fe30e6df"
  integrity sha512-3cnMf91/YKDBeULFy44usr+ld6eKL0MID8cx9BXVq0W0bRpJYHfycfmA5ycEh7xJ4MsKZ8VRBSx/2hTDstCxhA==

"@pixi/filter-noise@7.1.4":
  version "7.1.4"
  resolved "https://registry.yarnpkg.com/@pixi/filter-noise/-/filter-noise-7.1.4.tgz#400f9e8e6af9369fd4df0512f538c98b0b906fc9"
  integrity sha512-IhN3sjctm8s650OGfQo2NuyjSZ912F2YXywrbDc8nt34fXk2O5Z/g4g2hORbfW4+YE7vrm+5xS8MU7/Xam0Tfg==

"@pixi/graphics@7.1.4":
  version "7.1.4"
  resolved "https://registry.yarnpkg.com/@pixi/graphics/-/graphics-7.1.4.tgz#f636b421338c9c176f2bfa5cc5b4da02bb80269b"
  integrity sha512-1mLvS01o9HffUG09ngp4DZGCz6jFzOpctXKZFosd/2rfVPVQWy/P5csgu8XqRk8ZrxJE6tgUK/asb7RiG+B9cQ==

"@pixi/math@7.1.4":
  version "7.1.4"
  resolved "https://registry.yarnpkg.com/@pixi/math/-/math-7.1.4.tgz#d085ba416be6075718edeb0cf695fc960c4d6972"
  integrity sha512-BK5aT5HfMw1WPoIl46hX0eWf3jBVUYExOj5JGmGDbpdA/RLyz2YBR3Ueegrl4H+iFY7d7He/hUq3a6vLpu0hMA==

"@pixi/mesh-extras@7.1.4":
  version "7.1.4"
  resolved "https://registry.yarnpkg.com/@pixi/mesh-extras/-/mesh-extras-7.1.4.tgz#e2989938fe90a72bd9ac82ecb35c88191cd17220"
  integrity sha512-bqOfrgCItiMNFMEsRWXInRMsYrNAQM3GykC+lUTrTZgNJf3kX2PCyv2SDXSZCb29Fo/puGL6q55JDpn0LeLJdg==

"@pixi/mesh@7.1.4":
  version "7.1.4"
  resolved "https://registry.yarnpkg.com/@pixi/mesh/-/mesh-7.1.4.tgz#bd23812ddd26d65575345fcf85f6b9429e852e92"
  integrity sha512-i7d6Pmx8ZanUSIBTxVasyxDfn4zB89u82GULSWvChLn/yQrA30F3Rd3+yC5g9ZgWG3uzYjC2jqBMB4VmvCnLUQ==

"@pixi/mixin-cache-as-bitmap@7.1.4":
  version "7.1.4"
  resolved "https://registry.yarnpkg.com/@pixi/mixin-cache-as-bitmap/-/mixin-cache-as-bitmap-7.1.4.tgz#8c3e54a6081414c815e1a38cfc54f4b1cf883e44"
  integrity sha512-ZTi4cp1IJxpMVdVDwvSBMK8NvxbXE4jHlxvwCXzdByZjOqeO+dr93Gob3/h91ttAfUwPIGKnpKTXqJ0slvvOwg==

"@pixi/mixin-get-child-by-name@7.1.4":
  version "7.1.4"
  resolved "https://registry.yarnpkg.com/@pixi/mixin-get-child-by-name/-/mixin-get-child-by-name-7.1.4.tgz#b7b5566d904de84d7f93e7115315476e1e238f89"
  integrity sha512-XroDBm/KqC8rPUBsD/5wlkibJcjBPSqag1rXmJr6SKPStHrGD3BPcVDJCC8sBbMlOYOp/vxPNzf2qF1JJhaL/w==

"@pixi/mixin-get-global-position@7.1.4":
  version "7.1.4"
  resolved "https://registry.yarnpkg.com/@pixi/mixin-get-global-position/-/mixin-get-global-position-7.1.4.tgz#9460850b2677a0a4d054a4b75a0b26f95e3bba79"
  integrity sha512-Vp6PXghk4sTo/Ke6AB+YcAAadTPwnSEJgpVJH86i7BNOrojV69m0BSwPSdueOhh8rO+t45h2tDrLobm3JXAoqA==

"@pixi/particle-container@7.1.4":
  version "7.1.4"
  resolved "https://registry.yarnpkg.com/@pixi/particle-container/-/particle-container-7.1.4.tgz#de6795c0ef64b1417b14044b224b2ddb9154a59c"
  integrity sha512-IAFhqkBgsyehc9J0tGc5mh4mSe/EJ1Wvl/rQaNEuj2mXDK8hKU/kXOKmgPwUImUeVTavDeBRrwpGum8F5KgQ9w==

"@pixi/prepare@7.1.4":
  version "7.1.4"
  resolved "https://registry.yarnpkg.com/@pixi/prepare/-/prepare-7.1.4.tgz#f8a612392715d91fc3d2cc32a90b05b5fd83fb0c"
  integrity sha512-E886CuBC3I8RPb9Mmm7ko+MLRQAb47ec6xpdL1c3t5w4D/iiYHV9Z/mKBluI6ElhSeZkkq3EbEiMSCB1ZTYXag==

"@pixi/runner@7.1.4":
  version "7.1.4"
  resolved "https://registry.yarnpkg.com/@pixi/runner/-/runner-7.1.4.tgz#00a6e09cca7866b0d4306aea8a75819359717fb0"
  integrity sha512-HJLnA2ToQWWqDRRPqFGshDVeBzS0wzWkdD0e9M5SgzGodZdSLDqfPq8Z7ZeeJbP6tH4nYfvpemmGN5Gxvoaitg==

"@pixi/settings@7.1.4":
  version "7.1.4"
  resolved "https://registry.yarnpkg.com/@pixi/settings/-/settings-7.1.4.tgz#1a68925205f5e0dcda26584d9e36dd7fba45a34e"
  integrity sha512-T+ksa5t7X8Y/cUO6hgXwM+YyHJR5m+yv1Rhf/MKkniRsDDB2Qg3U7UNr6snOemAXIg6BTw/wwzIFz4ZguG9wqg==
  dependencies:
    "@pixi/constants" "7.1.4"
    "@types/css-font-loading-module" "^0.0.7"

"@pixi/sprite-animated@7.1.4":
  version "7.1.4"
  resolved "https://registry.yarnpkg.com/@pixi/sprite-animated/-/sprite-animated-7.1.4.tgz#05fdce4e0b30f4000ac9c0295ccbdd491f30c441"
  integrity sha512-FH5e4PDP2ULQhJ33RBOJltHLtBkL0uV4MUPUWG280aTiXG9M52dUK8EvH+svtzkaPHWiTaDuHPdpMmWVF0E4SA==

"@pixi/sprite-tiling@7.1.4":
  version "7.1.4"
  resolved "https://registry.yarnpkg.com/@pixi/sprite-tiling/-/sprite-tiling-7.1.4.tgz#69dfe0a40bdc7b0af5be35a8290534c93697b628"
  integrity sha512-MtCZYkAXr4BwAJac8DY1KFTD/oaPIB7GVnw30+oMQ0qE8hp2QcgcmzwRZ3Ln7ll8sOQzbg2H2WMZylqHG+yeOw==

"@pixi/sprite@7.1.4":
  version "7.1.4"
  resolved "https://registry.yarnpkg.com/@pixi/sprite/-/sprite-7.1.4.tgz#634c866b776337a7d19e0a7d7bf4e77f892f8c70"
  integrity sha512-I6skGi8ZVgfjKGnpZBZg7pevpkNnqAJibXFsDZ31/lCAmDbK3fx+K4sRcYR5JxuQN6nW52WsuWKZF1cgt/lNuA==

"@pixi/spritesheet@7.1.4":
  version "7.1.4"
  resolved "https://registry.yarnpkg.com/@pixi/spritesheet/-/spritesheet-7.1.4.tgz#66f3e6eeb50b578632ba0b01da2885508a8ab0bd"
  integrity sha512-L9gBE8iuVpF6zOc27e2UH5JHGv+dLNudxMfJQdr7b+inBBK+YP5gwBkIEq87zRISqlcYJcrC+GbQmtQwLcKR4Q==

"@pixi/text-bitmap@7.1.4":
  version "7.1.4"
  resolved "https://registry.yarnpkg.com/@pixi/text-bitmap/-/text-bitmap-7.1.4.tgz#cee1ac6e6972305a83b56bbed6aa904a303380ec"
  integrity sha512-bltYKvN1wQN6kHH8MOh5KDBQIZIWYjS8eGI9j9y6JdI0hu5lRmjKKFdsFaEn32MeW7xABfGICOFEJVp61IJjAQ==

"@pixi/text@7.1.4":
  version "7.1.4"
  resolved "https://registry.yarnpkg.com/@pixi/text/-/text-7.1.4.tgz#ab151eacc86fc786bbf2f8b5073d3e31c93c57e0"
  integrity sha512-nMDLsv0JdIZZ1nKJWsRNqtEuP/zOSF5nTq60wRnz3WGt4AHajlvratxT+NikS7Um8UiZWDa6dB2NoCvk8rrJxw==

"@pixi/ticker@7.1.4":
  version "7.1.4"
  resolved "https://registry.yarnpkg.com/@pixi/ticker/-/ticker-7.1.4.tgz#0843af450a340ffe1250f250d328d179243d202c"
  integrity sha512-u9pS3KAiQ14mN6PmiCEF+Ocmli/lAJLm/tzLcaBrBeBQqJ3jCZreoSbZ8znRY29YkdWMazPk+anUEGX1EsU5sg==
  dependencies:
    "@pixi/extensions" "7.1.4"
    "@pixi/settings" "7.1.4"
    "@pixi/utils" "7.1.4"

"@pixi/utils@7.1.4":
  version "7.1.4"
  resolved "https://registry.yarnpkg.com/@pixi/utils/-/utils-7.1.4.tgz#96ab04a4814473ebec39562a5561fa1f952f2a96"
  integrity sha512-n02nsAWcOp8+2yWFQ7CjWctVnGFs8jpD9A8H+RFcvdy2kdjApAU8+HsuJIrl/wfrwnTRxUzYatTRejz0jD9bKA==
  dependencies:
    "@pixi/constants" "7.1.4"
    "@pixi/settings" "7.1.4"
    "@types/earcut" "^2.1.0"
    earcut "^2.2.4"
    eventemitter3 "^4.0.0"
    url "^0.11.0"

"@quamolit/phlox-utils@^0.0.2":
  version "0.0.2"
  resolved "https://registry.yarnpkg.com/@quamolit/phlox-utils/-/phlox-utils-0.0.2.tgz#4d2f951b69f0a7cb19ea541fe3a498f9afde600d"
  integrity sha512-8XmEHfvNr5zw/zIe3Gu2D0KhgS2oo8druRhfwhCBA6tg8sFJEMfitbCeiJLOXtcZ5RO1APCnlgwHABMfz6GBcQ==
  dependencies:
    d3-color "^3.0.1"

"@quamolit/touch-control@^0.0.13":
  version "0.0.13"
  resolved "https://registry.yarnpkg.com/@quamolit/touch-control/-/touch-control-0.0.13.tgz#84a9ade22bf487ba3f9ed8f8f52c44c0e2022060"
  integrity sha512-Z1UX6ajBqMJrDZOsBDoB+QMiJFtJ7nUtaX/wZOJeaFVRpL+96xkYlcV+vosVjs8i/G85OUBy9RccGnDYT6FCvA==

"@types/css-font-loading-module@^0.0.7":
  version "0.0.7"
  resolved "https://registry.yarnpkg.com/@types/css-font-loading-module/-/css-font-loading-module-0.0.7.tgz#2f98ede46acc0975de85c0b7b0ebe06041d24601"
  integrity sha512-nl09VhutdjINdWyXxHWN/w9zlNCfr60JUqJbd24YXUuCwgeL0TpFSdElCwb6cxfB6ybE19Gjj4g0jsgkXxKv1Q==

"@types/earcut@^2.1.0":
  version "2.1.1"
  resolved "https://registry.yarnpkg.com/@types/earcut/-/earcut-2.1.1.tgz#573a0af609f17005c751f6f4ffec49cfe358ea51"
  integrity sha512-w8oigUCDjElRHRRrMvn/spybSMyX8MTkKA5Dv+tS1IE/TgmNZPqUYtvYBXGY8cieSE66gm+szeK+bnbxC2xHTQ==

"@types/offscreencanvas@^2019.6.4":
  version "2019.7.0"
  resolved "https://registry.yarnpkg.com/@types/offscreencanvas/-/offscreencanvas-2019.7.0.tgz#e4a932069db47bb3eabeb0b305502d01586fa90d"
  integrity sha512-PGcyveRIpL1XIqK8eBsmRBt76eFgtzuPiSTyKHZxnGemp2yzGzWpjYKAfK3wIMiU7eH+851yEpiuP8JZerTmWg==

bottom-tip@^0.1.4:
  version "0.1.4"
  resolved "https://registry.yarnpkg.com/bottom-tip/-/bottom-tip-0.1.4.tgz#c319dca5b46a356b206e114cfaecc020b02658ea"
  integrity sha512-mb0nZJENqcWB/iSdCVaFxbvD3HvR0GRyFEzJXTpyyfGQiekeyiu1xotP368CO230oGJygrLx+wbOV6p8VRKTOQ==
  dependencies:
    nanoid "^4.0.1"
    virtual-dom "^2.1.1"

browser-split@0.0.1:
  version "0.0.1"
  resolved "https://registry.yarnpkg.com/browser-split/-/browser-split-0.0.1.tgz#7b097574f8e3ead606fb4664e64adfdda2981a93"
  integrity sha512-JhvgRb2ihQhsljNda3BI8/UcRHVzrVwo3Q+P8vDtSiyobXuFpuZ9mq+MbRGMnC22CjW3RrfXdg6j6ITX8M+7Ow==

camelize@^1.0.0:
  version "1.0.1"
  resolved "https://registry.yarnpkg.com/camelize/-/camelize-1.0.1.tgz#89b7e16884056331a35d6b5ad064332c91daa6c3"
  integrity sha512-dU+Tx2fsypxTgtLoE36npi3UqcjSSMNYfkqgmoEhtZrraP5VWq0K7FkWVTYa8eMPtnU/G2txVsfdCJTn9uzpuQ==

d3-color@^3.0.1:
  version "3.1.0"
  resolved "https://registry.yarnpkg.com/d3-color/-/d3-color-3.1.0.tgz#395b2833dfac71507f12ac2f7af23bf819de24e2"
  integrity sha512-zg/chbXyeBtMQ1LbD/WSoW2DpC3I0mpmPdW+ynRTj/x2DAWYrIY7qeZIHidozwV24m4iavr15lNwIwLxRmOxhA==

dom-walk@^0.1.0:
  version "0.1.2"
  resolved "https://registry.yarnpkg.com/dom-walk/-/dom-walk-0.1.2.tgz#0c548bef048f4d1f2a97249002236060daa3fd84"
  integrity sha512-6QvTW9mrGeIegrFXdtQi9pk7O/nSK6lSdXW2eqUspN5LWD7UTji2Fqw5V2YLjBpHEoU9Xl/eUWNpDeZvoyOv2w==

earcut@^2.2.4:
  version "2.2.4"
  resolved "https://registry.yarnpkg.com/earcut/-/earcut-2.2.4.tgz#6d02fd4d68160c114825d06890a92ecaae60343a"
  integrity sha512-/pjZsA1b4RPHbeWZQn66SWS8nZZWLQQ23oE3Eam7aroEFGEvwKAsJfZ9ytiEMycfzXWpca4FA9QIOehf7PocBQ==

error@^4.3.0:
  version "4.4.0"
  resolved "https://registry.yarnpkg.com/error/-/error-4.4.0.tgz#bf69ff251fb4a279c19adccdaa6b61e90d9bf12a"
  integrity sha512-SNDKualLUtT4StGFP7xNfuFybL2f6iJujFtrWuvJqGbVQGaN+adE23veqzPz1hjUjTunLi2EnJ+0SJxtbJreKw==
  dependencies:
    camelize "^1.0.0"
    string-template "~0.2.0"
    xtend "~4.0.0"

esbuild@^0.16.14:
  version "0.16.17"
  resolved "https://registry.yarnpkg.com/esbuild/-/esbuild-0.16.17.tgz#fc2c3914c57ee750635fee71b89f615f25065259"
  integrity sha512-G8LEkV0XzDMNwXKgM0Jwu3nY3lSTwSGY6XbxM9cr9+s0T/qSV1q1JVPBGzm3dcjhCic9+emZDmMffkwgPeOeLg==
  optionalDependencies:
    "@esbuild/android-arm" "0.16.17"
    "@esbuild/android-arm64" "0.16.17"
    "@esbuild/android-x64" "0.16.17"
    "@esbuild/darwin-arm64" "0.16.17"
    "@esbuild/darwin-x64" "0.16.17"
    "@esbuild/freebsd-arm64" "0.16.17"
    "@esbuild/freebsd-x64" "0.16.17"
    "@esbuild/linux-arm" "0.16.17"
    "@esbuild/linux-arm64" "0.16.17"
    "@esbuild/linux-ia32" "0.16.17"
    "@esbuild/linux-loong64" "0.16.17"
    "@esbuild/linux-mips64el" "0.16.17"
    "@esbuild/linux-ppc64" "0.16.17"
    "@esbuild/linux-riscv64" "0.16.17"
    "@esbuild/linux-s390x" "0.16.17"
    "@esbuild/linux-x64" "0.16.17"
    "@esbuild/netbsd-x64" "0.16.17"
    "@esbuild/openbsd-x64" "0.16.17"
    "@esbuild/sunos-x64" "0.16.17"
    "@esbuild/win32-arm64" "0.16.17"
    "@esbuild/win32-ia32" "0.16.17"
    "@esbuild/win32-x64" "0.16.17"

ev-store@^7.0.0:
  version "7.0.0"
  resolved "https://registry.yarnpkg.com/ev-store/-/ev-store-7.0.0.tgz#1ab0c7f82136505dd74b31d17701cb2be6d26558"
  integrity sha512-otazchNRnGzp2YarBJ+GXKVGvhxVATB1zmaStxJBYet0Dyq7A9VhH8IUEB/gRcL6Ch52lfpgPTRJ2m49epyMsQ==
  dependencies:
    individual "^3.0.0"

eventemitter3@^4.0.0:
  version "4.0.7"
  resolved "https://registry.yarnpkg.com/eventemitter3/-/eventemitter3-4.0.7.tgz#2de9b68f6528d5644ef5c59526a1b4a07306169f"
  integrity sha512-8guHBZCwKnFhYdHr2ysuRWErTwhoN2X8XELRlrRwpmfeY2jjuUN4taQMsULKUVo1K4DvZl+0pgfyoysHxvmvEw==

fontfaceobserver-es@^3.3.3:
  version "3.3.3"
  resolved "https://registry.yarnpkg.com/fontfaceobserver-es/-/fontfaceobserver-es-3.3.3.tgz#b8fa6b774592c53d4ff98b031f97f15f9bdc4d83"
  integrity sha512-1EyweL1ryy0koZWk80Kr0UgWq9KhbOl2cD6x1O8BtFu0gNqCWIXK1lVFSUb37DI5FMn1m86I6X7N1JRBy8wVfw==

fsevents@~2.3.2:
  version "2.3.2"
  resolved "https://registry.yarnpkg.com/fsevents/-/fsevents-2.3.2.tgz#8a526f78b8fdf4623b709e0b975c52c24c02fd1a"
  integrity sha512-xiqMQR4xAeHTuB9uWm+fFRcIOgKBMiOBP+eXiyT7jsgVCq1bkVygt00oASowB7EdtpOHaaPgKt812P9ab+DDKA==

function-bind@^1.1.1:
  version "1.1.1"
  resolved "https://registry.yarnpkg.com/function-bind/-/function-bind-1.1.1.tgz#a56899d3ea3c9bab874bb9773b7c5ede92f4895d"
  integrity sha512-yIovAzMX49sF8Yl58fSCWJ5svSLuaibPxXQJFLmBObTuCr0Mf1KiPopGM9NiFjiYBCbfaa2Fh6breQ6ANVTI0A==

global@^4.3.0:
  version "4.4.0"
  resolved "https://registry.yarnpkg.com/global/-/global-4.4.0.tgz#3e7b105179006a323ed71aafca3e9c57a5cc6406"
  integrity sha512-wv/LAoHdRE3BeTGz53FAamhGlPLhlssK45usmGFThIi4XqnBmjKQ16u+RNbP7WvigRZDxUsM0J3gcQ5yicaL0w==
  dependencies:
    min-document "^2.19.0"
    process "^0.11.10"

has@^1.0.3:
  version "1.0.3"
  resolved "https://registry.yarnpkg.com/has/-/has-1.0.3.tgz#722d7cbfc1f6aa8241f16dd814e011e1f41e8796"
  integrity sha512-f2dvO0VU6Oej7RkWJGrehjbzMAjFp5/VKPp5tTpWIV4JHHZK1/BxbFRtf/siA2SWTe09caDmVtYYzWEIbBS4zw==
  dependencies:
    function-bind "^1.1.1"

hsluv@^1.0.0:
  version "1.0.0"
  resolved "https://registry.yarnpkg.com/hsluv/-/hsluv-1.0.0.tgz#d06b2d23c3552f2428bb002e00268c681c425c70"
  integrity sha512-RqZkmiAbUnQ5JkjDFB81iaAC62fkL7BtQultslKzb7Sqs6wzPljY0YPDEhA9pdsVdGQ6ksfMBp9rJB9JyRlQFQ==

individual@^3.0.0:
  version "3.0.0"
  resolved "https://registry.yarnpkg.com/individual/-/individual-3.0.0.tgz#e7ca4f85f8957b018734f285750dc22ec2f9862d"
  integrity sha512-rUY5vtT748NMRbEMrTNiFfy29BgGZwGXUi2NFUVMWQrogSLzlJvQV9eeMWi+g1aVaQ53tpyLAQtd5x/JH0Nh1g==

is-core-module@^2.9.0:
  version "2.11.0"
  resolved "https://registry.yarnpkg.com/is-core-module/-/is-core-module-2.11.0.tgz#ad4cb3e3863e814523c96f3f58d26cc570ff0144"
  integrity sha512-RRjxlvLDkD1YJwDbroBHMb+cukurkDWNyHx7D3oNB5x9rb5ogcksMC5wHCadcXoo67gVr/+3GFySh3134zi6rw==
  dependencies:
    has "^1.0.3"

is-object@^1.0.1:
  version "1.0.2"
  resolved "https://registry.yarnpkg.com/is-object/-/is-object-1.0.2.tgz#a56552e1c665c9e950b4a025461da87e72f86fcf"
  integrity sha512-2rRIahhZr2UWb45fIOuvZGpFtz0TyOZLf32KxBbSoUCeZR495zCKlWUKKUByk3geS2eAs7ZAABt0Y/Rx0GiQGA==

min-document@^2.19.0:
  version "2.19.0"
  resolved "https://registry.yarnpkg.com/min-document/-/min-document-2.19.0.tgz#7bd282e3f5842ed295bb748cdd9f1ffa2c824685"
  integrity sha512-9Wy1B3m3f66bPPmU5hdA4DR4PB2OfDU/+GS3yAB7IQozE3tqXaVv2zOjgla7MEGSRv95+ILmOuvhLkOK6wJtCQ==
  dependencies:
    dom-walk "^0.1.0"

mobile-detect@^1.4.5:
  version "1.4.5"
  resolved "https://registry.yarnpkg.com/mobile-detect/-/mobile-detect-1.4.5.tgz#da393c3c413ca1a9bcdd9ced653c38281c0fb6ad"
  integrity sha512-yc0LhH6tItlvfLBugVUEtgawwFU2sIe+cSdmRJJCTMZ5GEJyLxNyC/NIOAOGk67Fa8GNpOttO3Xz/1bHpXFD/g==

nanoid@^2.1.0:
  version "2.1.11"
  resolved "https://registry.yarnpkg.com/nanoid/-/nanoid-2.1.11.tgz#ec24b8a758d591561531b4176a01e3ab4f0f0280"
  integrity sha512-s/snB+WGm6uwi0WjsZdaVcuf3KJXlfGl2LcxgwkEwJF0D/BWzVWAZW/XY4bFaiR7s0Jk3FPvlnepg1H1b1UwlA==

nanoid@^3.3.4:
  version "3.3.4"
  resolved "https://registry.yarnpkg.com/nanoid/-/nanoid-3.3.4.tgz#730b67e3cd09e2deacf03c027c81c9d9dbc5e8ab"
  integrity sha512-MqBkQh/OHTS2egovRtLk45wEyNXwF+cokD+1YPf9u5VfJiRdAiRwB2froX5Co9Rh20xs4siNPm8naNotSD6RBw==

nanoid@^4.0.1:
  version "4.0.1"
  resolved "https://registry.yarnpkg.com/nanoid/-/nanoid-4.0.1.tgz#398d7ccfdbf9faf2231b2ca7e8fff5dbca6a509b"
  integrity sha512-udKGtCCUafD3nQtJg9wBhRP3KMbPglUsgV5JVsXhvyBs/oefqb4sqMEhKBBgqZncYowu58p1prsZQBYvAj/Gww==

next-tick@^0.2.2:
  version "0.2.2"
  resolved "https://registry.yarnpkg.com/next-tick/-/next-tick-0.2.2.tgz#75da4a927ee5887e39065880065b7336413b310d"
  integrity sha512-f7h4svPtl+QidoBv4taKXUjJ70G2asaZ8G28nS0OkqaalX8dwwrtWtyxEDPK62AC00ur/+/E0pUwBwY5EPn15Q==

path-parse@^1.0.7:
  version "1.0.7"
  resolved "https://registry.yarnpkg.com/path-parse/-/path-parse-1.0.7.tgz#fbc114b60ca42b30d9daf5858e4bd68bbedb6735"
  integrity sha512-LDJzPVEEEPR+y48z93A0Ed0yXb8pAByGWo/k5YYdYgpY2/2EsOsksJrq7lOHxryrVOn1ejG6oAp8ahvOIQD8sw==

picocolors@^1.0.0:
  version "1.0.0"
  resolved "https://registry.yarnpkg.com/picocolors/-/picocolors-1.0.0.tgz#cb5bdc74ff3f51892236eaf79d68bc44564ab81c"
  integrity sha512-1fygroTLlHu66zi26VoTDv8yRgm0Fccecssto+MhsZ0D/DGW2sm8E8AjW7NU5VVTRt5GxbeZ5qBuJr+HyLYkjQ==

pixi.js@7.1.4:
  version "7.1.4"
  resolved "https://registry.yarnpkg.com/pixi.js/-/pixi.js-7.1.4.tgz#2cc40d7af2b0656ae46208d59f61487633dd551f"
  integrity sha512-hWV60RLU2yTZc9uzO39WKnCWQKkNqwJkbamXd9IcgBvzOJ5pqIrmQ7xVUI+Nx76IJGXFUtkbzMObaYwzK3V7lw==
  dependencies:
    "@pixi/accessibility" "7.1.4"
    "@pixi/app" "7.1.4"
    "@pixi/assets" "7.1.4"
    "@pixi/compressed-textures" "7.1.4"
    "@pixi/core" "7.1.4"
    "@pixi/display" "7.1.4"
    "@pixi/events" "7.1.4"
    "@pixi/extensions" "7.1.4"
    "@pixi/extract" "7.1.4"
    "@pixi/filter-alpha" "7.1.4"
    "@pixi/filter-blur" "7.1.4"
    "@pixi/filter-color-matrix" "7.1.4"
    "@pixi/filter-displacement" "7.1.4"
    "@pixi/filter-fxaa" "7.1.4"
    "@pixi/filter-noise" "7.1.4"
    "@pixi/graphics" "7.1.4"
    "@pixi/mesh" "7.1.4"
    "@pixi/mesh-extras" "7.1.4"
    "@pixi/mixin-cache-as-bitmap" "7.1.4"
    "@pixi/mixin-get-child-by-name" "7.1.4"
    "@pixi/mixin-get-global-position" "7.1.4"
    "@pixi/particle-container" "7.1.4"
    "@pixi/prepare" "7.1.4"
    "@pixi/sprite" "7.1.4"
    "@pixi/sprite-animated" "7.1.4"
    "@pixi/sprite-tiling" "7.1.4"
    "@pixi/spritesheet" "7.1.4"
    "@pixi/text" "7.1.4"
    "@pixi/text-bitmap" "7.1.4"

postcss@^8.4.21:
  version "8.4.21"
  resolved "https://registry.yarnpkg.com/postcss/-/postcss-8.4.21.tgz#c639b719a57efc3187b13a1d765675485f4134f4"
  integrity sha512-tP7u/Sn/dVxK2NnruI4H9BG+x+Wxz6oeZ1cJ8P6G/PZY0IKk4k/63TDsQf2kQq3+qoJeLm2kIBUNlZe3zgb4Zg==
  dependencies:
    nanoid "^3.3.4"
    picocolors "^1.0.0"
    source-map-js "^1.0.2"

process@^0.11.10:
  version "0.11.10"
  resolved "https://registry.yarnpkg.com/process/-/process-0.11.10.tgz#7332300e840161bda3e69a1d1d91a7d4bc16f182"
  integrity sha512-cdGef/drWFoydD1JsMzuFf8100nZl+GT+yacc2bEced5f9Rjk4z+WtFUTBu9PhOi9j/jfmBPu0mMEY4wIdAF8A==

punycode@1.3.2:
  version "1.3.2"
  resolved "https://registry.yarnpkg.com/punycode/-/punycode-1.3.2.tgz#9653a036fb7c1ee42342f2325cceefea3926c48d"
  integrity sha512-RofWgt/7fL5wP1Y7fxE7/EmTLzQVnB0ycyibJ0OOHIlJqTNzglYFxVwETOcIoJqJmpDXJ9xImDv+Fq34F/d4Dw==

querystring@0.2.0:
  version "0.2.0"
  resolved "https://registry.yarnpkg.com/querystring/-/querystring-0.2.0.tgz#b209849203bb25df820da756e747005878521620"
  integrity sha512-X/xY82scca2tau62i9mDyU9K+I+djTMUsvwf7xnUX5GLvVzgJybOJf4Y6o9Zx3oJK/LSXg5tTZBjwzqVPaPO2g==

resolve@^1.22.1:
  version "1.22.1"
  resolved "https://registry.yarnpkg.com/resolve/-/resolve-1.22.1.tgz#27cb2ebb53f91abb49470a928bba7558066ac177"
  integrity sha512-nBpuuYuY5jFsli/JIs1oldw6fOQCBioohqWZg/2hiaOybXOft4lonv85uDOKXdf8rhyK159cxU5cDcK/NKk8zw==
  dependencies:
    is-core-module "^2.9.0"
    path-parse "^1.0.7"
    supports-preserve-symlinks-flag "^1.0.0"

rollup@^3.10.0:
  version "3.19.1"
  resolved "https://registry.yarnpkg.com/rollup/-/rollup-3.19.1.tgz#2b3a31ac1ff9f3afab2e523fa687fef5b0ee20fc"
  integrity sha512-lAbrdN7neYCg/8WaoWn/ckzCtz+jr70GFfYdlf50OF7387HTg+wiuiqJRFYawwSPpqfqDNYqK7smY/ks2iAudg==
  optionalDependencies:
    fsevents "~2.3.2"

shortid@^2.2.16:
  version "2.2.16"
  resolved "https://registry.yarnpkg.com/shortid/-/shortid-2.2.16.tgz#b742b8f0cb96406fd391c76bfc18a67a57fe5608"
  integrity sha512-Ugt+GIZqvGXCIItnsL+lvFJOiN7RYqlGy7QE41O3YC1xbNSeDGIRO7xg2JJXIAj1cAGnOeC1r7/T9pgrtQbv4g==
  dependencies:
    nanoid "^2.1.0"

source-map-js@^1.0.2:
  version "1.0.2"
  resolved "https://registry.yarnpkg.com/source-map-js/-/source-map-js-1.0.2.tgz#adbc361d9c62df380125e7f161f71c826f1e490c"
  integrity sha512-R0XvVJ9WusLiqTCEiGCmICCMplcCkIwwR11mOSD9CR5u+IXYdiseeEuXCVAjS54zqwkLcPNnmU4OeJ6tUrWhDw==

string-template@~0.2.0:
  version "0.2.1"
  resolved "https://registry.yarnpkg.com/string-template/-/string-template-0.2.1.tgz#42932e598a352d01fc22ec3367d9d84eec6c9add"
  integrity sha512-Yptehjogou2xm4UJbxJ4CxgZx12HBfeystp0y3x7s4Dj32ltVVG1Gg8YhKjHZkHicuKpZX/ffilA8505VbUbpw==

supports-preserve-symlinks-flag@^1.0.0:
  version "1.0.0"
  resolved "https://registry.yarnpkg.com/supports-preserve-symlinks-flag/-/supports-preserve-symlinks-flag-1.0.0.tgz#6eda4bd344a3c94aea376d4cc31bc77311039e09"
  integrity sha512-ot0WnXS9fgdkgIcePe6RHNk1WA8+muPa6cSjeR3V8K27q9BB1rTE3R1p7Hv0z1ZyAc8s6Vvv8DIyWf681MAt0w==

url@^0.11.0:
  version "0.11.0"
  resolved "https://registry.yarnpkg.com/url/-/url-0.11.0.tgz#3838e97cfc60521eb73c525a8e55bfdd9e2e28f1"
  integrity sha512-kbailJa29QrtXnxgq+DdCEGlbTeYM2eJUxsz6vjZavrCYPMIFHMKQmSKYAIuUK2i7hgPm28a8piX5NTUtM/LKQ==
  dependencies:
    punycode "1.3.2"
    querystring "0.2.0"

virtual-dom@^2.1.1:
  version "2.1.1"
  resolved "https://registry.yarnpkg.com/virtual-dom/-/virtual-dom-2.1.1.tgz#80eda2d481b9ede0c049118cefcb4a05f21d1375"
  integrity sha512-wb6Qc9Lbqug0kRqo/iuApfBpJJAq14Sk1faAnSmtqXiwahg7PVTvWMs9L02Z8nNIMqbwsxzBAA90bbtRLbw0zg==
  dependencies:
    browser-split "0.0.1"
    error "^4.3.0"
    ev-store "^7.0.0"
    global "^4.3.0"
    is-object "^1.0.1"
    next-tick "^0.2.2"
    x-is-array "0.1.0"
    x-is-string "0.1.0"

vite@^4.1.4:
  version "4.1.4"
  resolved "https://registry.yarnpkg.com/vite/-/vite-4.1.4.tgz#170d93bcff97e0ebc09764c053eebe130bfe6ca0"
  integrity sha512-3knk/HsbSTKEin43zHu7jTwYWv81f8kgAL99G5NWBcA1LKvtvcVAC4JjBH1arBunO9kQka+1oGbrMKOjk4ZrBg==
  dependencies:
    esbuild "^0.16.14"
    postcss "^8.4.21"
    resolve "^1.22.1"
    rollup "^3.10.0"
  optionalDependencies:
    fsevents "~2.3.2"

x-is-array@0.1.0:
  version "0.1.0"
  resolved "https://registry.yarnpkg.com/x-is-array/-/x-is-array-0.1.0.tgz#de520171d47b3f416f5587d629b89d26b12dc29d"
  integrity sha512-goHPif61oNrr0jJgsXRfc8oqtYzvfiMJpTqwE7Z4y9uH+T3UozkGqQ4d2nX9mB9khvA8U2o/UbPOFjgC7hLWIA==

x-is-string@0.1.0:
  version "0.1.0"
  resolved "https://registry.yarnpkg.com/x-is-string/-/x-is-string-0.1.0.tgz#474b50865af3a49a9c4657f05acd145458f77d82"
  integrity sha512-GojqklwG8gpzOVEVki5KudKNoq7MbbjYZCbyWzEz7tyPA7eleiE0+ePwOWQQRb5fm86rD3S8Tc0tSFf3AOv50w==

xtend@~4.0.0:
  version "4.0.2"
  resolved "https://registry.yarnpkg.com/xtend/-/xtend-4.0.2.tgz#bb72779f5fa465186b1f438f674fa347fdb5db54"
  integrity sha512-LKYU1iAXJXUgAXn9URjiu+MWhyUXHsvfp7mcuYm9dSUKK0/CjtrUwFAxD82/mCWbtLsGjFIad0wIsod4zrTAEQ==
